// !$*UTF8*$!
{
	archiveVersion = 1;
	classes = {
	};
	objectVersion = 46;
	objects = {

/* Begin PBXBuildFile section */
		1808BD681DE140B800D79718 /* provinces.plist in Resources */ = {isa = PBXBuildFile; fileRef = 1808BD671DE140B800D79718 /* provinces.plist */; };
		1808BD6A1DE1414200D79718 /* LXMProCityList.swift in Sources */ = {isa = PBXBuildFile; fileRef = 1808BD691DE1414200D79718 /* LXMProCityList.swift */; };
		180CC8A31DEDC692005898FF /* loginImage@2x.png in Resources */ = {isa = PBXBuildFile; fileRef = 180CC8A11DEDC692005898FF /* loginImage@2x.png */; };
		180CC8A41DEDC692005898FF /* loginImage@3x.png in Resources */ = {isa = PBXBuildFile; fileRef = 180CC8A21DEDC692005898FF /* loginImage@3x.png */; };
		180F9B211E00D799004FCBEA /* SAMShoppingCarController.xib in Resources */ = {isa = PBXBuildFile; fileRef = 180F9B201E00D799004FCBEA /* SAMShoppingCarController.xib */; };
		180F9B261E00DCFB004FCBEA /* SAMShoppingCarListCell.swift in Sources */ = {isa = PBXBuildFile; fileRef = 180F9B241E00DCFB004FCBEA /* SAMShoppingCarListCell.swift */; };
		180F9B271E00DCFB004FCBEA /* SAMShoppingCarListCell.xib in Resources */ = {isa = PBXBuildFile; fileRef = 180F9B251E00DCFB004FCBEA /* SAMShoppingCarListCell.xib */; };
		184570D11DE80D3E00F8AAB0 /* SAMStockProductModel.swift in Sources */ = {isa = PBXBuildFile; fileRef = 184570D01DE80D3E00F8AAB0 /* SAMStockProductModel.swift */; };
		184570D41DE87E1F00F8AAB0 /* SAMStockProductDetailCell.swift in Sources */ = {isa = PBXBuildFile; fileRef = 184570D21DE87E1F00F8AAB0 /* SAMStockProductDetailCell.swift */; };
		184570D51DE87E1F00F8AAB0 /* SAMStockProductDetailCell.xib in Resources */ = {isa = PBXBuildFile; fileRef = 184570D31DE87E1F00F8AAB0 /* SAMStockProductDetailCell.xib */; };
		1849464B1DDE8D6700C2E9E8 /* SAMCustomerAddController.swift in Sources */ = {isa = PBXBuildFile; fileRef = 184946491DDE8D6700C2E9E8 /* SAMCustomerAddController.swift */; };
		1849464C1DDE8D6700C2E9E8 /* SAMCustomerAddController.xib in Resources */ = {isa = PBXBuildFile; fileRef = 1849464A1DDE8D6700C2E9E8 /* SAMCustomerAddController.xib */; };
		1854292C1DF6517D005BDAA6 /* SAMSalesHistoryController.swift in Sources */ = {isa = PBXBuildFile; fileRef = 1854292A1DF6517D005BDAA6 /* SAMSalesHistoryController.swift */; };
		1854292D1DF6517D005BDAA6 /* SAMSalesHistoryController.xib in Resources */ = {isa = PBXBuildFile; fileRef = 1854292B1DF6517D005BDAA6 /* SAMSalesHistoryController.xib */; };
		1854292F1DF69DBF005BDAA6 /* NSDate+Extension.swift in Sources */ = {isa = PBXBuildFile; fileRef = 1854292E1DF69DBF005BDAA6 /* NSDate+Extension.swift */; };
		185429321DF6D20B005BDAA6 /* SAMSaleInfoCell.swift in Sources */ = {isa = PBXBuildFile; fileRef = 185429301DF6D20B005BDAA6 /* SAMSaleInfoCell.swift */; };
		185429331DF6D20B005BDAA6 /* SAMSaleInfoCell.xib in Resources */ = {isa = PBXBuildFile; fileRef = 185429311DF6D20B005BDAA6 /* SAMSaleInfoCell.xib */; };
		185429371DF78F8E005BDAA6 /* SAMSaleOrderInfoModel.swift in Sources */ = {isa = PBXBuildFile; fileRef = 185429361DF78F8E005BDAA6 /* SAMSaleOrderInfoModel.swift */; };
		185429391DF8122B005BDAA6 /* SAMSaleOrderDetailModel.swift in Sources */ = {isa = PBXBuildFile; fileRef = 185429381DF8122B005BDAA6 /* SAMSaleOrderDetailModel.swift */; };
		185429521DF906A8005BDAA6 /* SAMOrderDetailSmallCell.swift in Sources */ = {isa = PBXBuildFile; fileRef = 185429501DF906A8005BDAA6 /* SAMOrderDetailSmallCell.swift */; };
		185429531DF906A8005BDAA6 /* SAMOrderDetailSmallCell.xib in Resources */ = {isa = PBXBuildFile; fileRef = 185429511DF906A8005BDAA6 /* SAMOrderDetailSmallCell.xib */; };
		185429561DF90722005BDAA6 /* SAMOrderDetailBigCell.swift in Sources */ = {isa = PBXBuildFile; fileRef = 185429541DF90722005BDAA6 /* SAMOrderDetailBigCell.swift */; };
		185429571DF90722005BDAA6 /* SAMOrderDetailBigCell.xib in Resources */ = {isa = PBXBuildFile; fileRef = 185429551DF90722005BDAA6 /* SAMOrderDetailBigCell.xib */; };
		185D10101DDD4EC300556D17 /* SAMHUD.swift in Sources */ = {isa = PBXBuildFile; fileRef = 185D100F1DDD4EC300556D17 /* SAMHUD.swift */; };
		186EB3311DDC1FE000908E6A /* SAMCustomerViewController.xib in Resources */ = {isa = PBXBuildFile; fileRef = 186EB3301DDC1FE000908E6A /* SAMCustomerViewController.xib */; };
		187618D91DF065B1000DF4A1 /* SAMProductImageController.swift in Sources */ = {isa = PBXBuildFile; fileRef = 187618D81DF065B1000DF4A1 /* SAMProductImageController.swift */; };
		187618DB1DF3CEB2000DF4A1 /* SAMProductImageOpetationView.swift in Sources */ = {isa = PBXBuildFile; fileRef = 187618DA1DF3CEB2000DF4A1 /* SAMProductImageOpetationView.swift */; };
		187618DD1DF3CECA000DF4A1 /* SAMProductImageOpetationView.xib in Resources */ = {isa = PBXBuildFile; fileRef = 187618DC1DF3CECA000DF4A1 /* SAMProductImageOpetationView.xib */; };
		187EA2761DE3EF5B004523A4 /* LXMCodeViewController.xib in Resources */ = {isa = PBXBuildFile; fileRef = 187EA2751DE3EF5B004523A4 /* LXMCodeViewController.xib */; };
		187EA2791DE53295004523A4 /* SAMStockConditionalSearchController.swift in Sources */ = {isa = PBXBuildFile; fileRef = 187EA2771DE53295004523A4 /* SAMStockConditionalSearchController.swift */; };
		187EA27A1DE53295004523A4 /* SAMStockConditionalSearchController.xib in Resources */ = {isa = PBXBuildFile; fileRef = 187EA2781DE53295004523A4 /* SAMStockConditionalSearchController.xib */; };
		187EA27C1DE5477F004523A4 /* SAMStockCategory.swift in Sources */ = {isa = PBXBuildFile; fileRef = 187EA27B1DE5477F004523A4 /* SAMStockCategory.swift */; };
		187EA27E1DE54794004523A4 /* SAMStockStorehouse.swift in Sources */ = {isa = PBXBuildFile; fileRef = 187EA27D1DE54794004523A4 /* SAMStockStorehouse.swift */; };
		187EA2881DE5AF41004523A4 /* SAMStockCodeSearchCell.swift in Sources */ = {isa = PBXBuildFile; fileRef = 187EA2861DE5AF41004523A4 /* SAMStockCodeSearchCell.swift */; };
		187EA2891DE5AF41004523A4 /* SAMStockCodeSearchCell.xib in Resources */ = {isa = PBXBuildFile; fileRef = 187EA2871DE5AF41004523A4 /* SAMStockCodeSearchCell.xib */; };
		187EA28B1DE5BFEC004523A4 /* SAMStockCodeModel.swift in Sources */ = {isa = PBXBuildFile; fileRef = 187EA28A1DE5BFEC004523A4 /* SAMStockCodeModel.swift */; };
		18A63B2E1DE7D5BF00869ABB /* SAMStockProductCell.swift in Sources */ = {isa = PBXBuildFile; fileRef = 18A63B2C1DE7D5BF00869ABB /* SAMStockProductCell.swift */; };
		18A63B2F1DE7D5BF00869ABB /* SAMStockProductCell.xib in Resources */ = {isa = PBXBuildFile; fileRef = 18A63B2D1DE7D5BF00869ABB /* SAMStockProductCell.xib */; };
		18ABA9561DDB4EE100B503F0 /* SAMUserAuth.swift in Sources */ = {isa = PBXBuildFile; fileRef = 18ABA9551DDB4EE100B503F0 /* SAMUserAuth.swift */; };
		18B089D31DD7EC9900CDF36D /* SAMNetWorker.swift in Sources */ = {isa = PBXBuildFile; fileRef = 18B089D21DD7EC9900CDF36D /* SAMNetWorker.swift */; };
		18BA151D1DFA8E2E003D524C /* SAMOrderDetailController.swift in Sources */ = {isa = PBXBuildFile; fileRef = 18BA151B1DFA8E2E003D524C /* SAMOrderDetailController.swift */; };
		18BA151E1DFA8E2E003D524C /* SAMOrderDetailController.xib in Resources */ = {isa = PBXBuildFile; fileRef = 18BA151C1DFA8E2E003D524C /* SAMOrderDetailController.xib */; };
		18BA15201DFAAA7C003D524C /* SAMSaleOrderDetailListModel.swift in Sources */ = {isa = PBXBuildFile; fileRef = 18BA151F1DFAAA7C003D524C /* SAMSaleOrderDetailListModel.swift */; };
		18BA15231DFAAFC4003D524C /* SAMOrderDetailListCell.swift in Sources */ = {isa = PBXBuildFile; fileRef = 18BA15211DFAAFC4003D524C /* SAMOrderDetailListCell.swift */; };
		18BA15241DFAAFC4003D524C /* SAMOrderDetailListCell.xib in Resources */ = {isa = PBXBuildFile; fileRef = 18BA15221DFAAFC4003D524C /* SAMOrderDetailListCell.xib */; };
		18BA152B1DFB8093003D524C /* SAMOrderMishuCell.swift in Sources */ = {isa = PBXBuildFile; fileRef = 18BA15291DFB8093003D524C /* SAMOrderMishuCell.swift */; };
		18BA152C1DFB8093003D524C /* SAMOrderMishuCell.xib in Resources */ = {isa = PBXBuildFile; fileRef = 18BA152A1DFB8093003D524C /* SAMOrderMishuCell.xib */; };
		18BA152E1DFBA1A7003D524C /* SAMStockAddShoppingCarView.swift in Sources */ = {isa = PBXBuildFile; fileRef = 18BA152D1DFBA1A7003D524C /* SAMStockAddShoppingCarView.swift */; };
		18BA15301DFBA1BA003D524C /* SAMStockAddShoppingCarView.xib in Resources */ = {isa = PBXBuildFile; fileRef = 18BA152F1DFBA1BA003D524C /* SAMStockAddShoppingCarView.xib */; };
		18C202BA1DD3081A00C0117C /* AppDelegate.swift in Sources */ = {isa = PBXBuildFile; fileRef = 18C202B91DD3081A00C0117C /* AppDelegate.swift */; };
		18C202C11DD3081A00C0117C /* Assets.xcassets in Resources */ = {isa = PBXBuildFile; fileRef = 18C202C01DD3081A00C0117C /* Assets.xcassets */; };
		18C202C41DD3081A00C0117C /* LaunchScreen.storyboard in Resources */ = {isa = PBXBuildFile; fileRef = 18C202C21DD3081A00C0117C /* LaunchScreen.storyboard */; };
		18C202CF1DD3081A00C0117C /* SaleManagerTests.swift in Sources */ = {isa = PBXBuildFile; fileRef = 18C202CE1DD3081A00C0117C /* SaleManagerTests.swift */; };
		18C202DA1DD3081A00C0117C /* SaleManagerUITests.swift in Sources */ = {isa = PBXBuildFile; fileRef = 18C202D91DD3081A00C0117C /* SaleManagerUITests.swift */; };
		18C203401DD30EA900C0117C /* SAMMainTabBarController.swift in Sources */ = {isa = PBXBuildFile; fileRef = 18C2033F1DD30EA900C0117C /* SAMMainTabBarController.swift */; };
		18C203431DD30FB400C0117C /* SAMHomeViewController.swift in Sources */ = {isa = PBXBuildFile; fileRef = 18C203411DD30FB400C0117C /* SAMHomeViewController.swift */; };
		18C203461DD30FDB00C0117C /* SAMStockViewController.swift in Sources */ = {isa = PBXBuildFile; fileRef = 18C203451DD30FDB00C0117C /* SAMStockViewController.swift */; };
		18C203481DD30FEC00C0117C /* LXMCodeViewController.swift in Sources */ = {isa = PBXBuildFile; fileRef = 18C203471DD30FEC00C0117C /* LXMCodeViewController.swift */; };
		18C2034A1DD30FF800C0117C /* SAMShoppingCarController.swift in Sources */ = {isa = PBXBuildFile; fileRef = 18C203491DD30FF800C0117C /* SAMShoppingCarController.swift */; };
		18C2034C1DD3100900C0117C /* SAMCustomerViewController.swift in Sources */ = {isa = PBXBuildFile; fileRef = 18C2034B1DD3100900C0117C /* SAMCustomerViewController.swift */; };
		18C2034E1DD3143700C0117C /* SAMBaseNavigationController.swift in Sources */ = {isa = PBXBuildFile; fileRef = 18C2034D1DD3143700C0117C /* SAMBaseNavigationController.swift */; };
		18C203501DD322EF00C0117C /* SAMConstant.swift in Sources */ = {isa = PBXBuildFile; fileRef = 18C2034F1DD322EF00C0117C /* SAMConstant.swift */; };
		18C203521DD32FCE00C0117C /* SAMHomeButton.swift in Sources */ = {isa = PBXBuildFile; fileRef = 18C203511DD32FCE00C0117C /* SAMHomeButton.swift */; };
		18C203541DD477D800C0117C /* SAMStockViewController.xib in Resources */ = {isa = PBXBuildFile; fileRef = 18C203531DD477D800C0117C /* SAMStockViewController.xib */; };
		18CDA8B31DEC041400DB4F69 /* SAMStockProductInfoController.swift in Sources */ = {isa = PBXBuildFile; fileRef = 18CDA8B21DEC041400DB4F69 /* SAMStockProductInfoController.swift */; };
		18CDA8B51DEC042100DB4F69 /* SAMStockProductInfoController.storyboard in Resources */ = {isa = PBXBuildFile; fileRef = 18CDA8B41DEC042100DB4F69 /* SAMStockProductInfoController.storyboard */; };
		18D30D901DDEA01400C1DC67 /* SAMPresentingAnimator.swift in Sources */ = {isa = PBXBuildFile; fileRef = 18D30D8F1DDEA01400C1DC67 /* SAMPresentingAnimator.swift */; };
		18D30D9E1DDED07000C1DC67 /* SAMDismissingAnimator.swift in Sources */ = {isa = PBXBuildFile; fileRef = 18D30D9D1DDED07000C1DC67 /* SAMDismissingAnimator.swift */; };
		18EC9B411DDC026F00E78C7E /* SAMCustomerModel.swift in Sources */ = {isa = PBXBuildFile; fileRef = 18EC9B401DDC026F00E78C7E /* SAMCustomerModel.swift */; };
		18EC9B441DDC06C900E78C7E /* SAMCustomerCollectionCell.swift in Sources */ = {isa = PBXBuildFile; fileRef = 18EC9B421DDC06C900E78C7E /* SAMCustomerCollectionCell.swift */; };
		18EC9B451DDC06C900E78C7E /* SAMCustomerCollectionCell.xib in Resources */ = {isa = PBXBuildFile; fileRef = 18EC9B431DDC06C900E78C7E /* SAMCustomerCollectionCell.xib */; };
		18F4530D1DDF43E100574FCB /* SAMStringExtension.swift in Sources */ = {isa = PBXBuildFile; fileRef = 18F4530C1DDF43E100574FCB /* SAMStringExtension.swift */; };
		18F50F0F1DD5A94F00CEA8C9 /* SAMLoginController.swift in Sources */ = {isa = PBXBuildFile; fileRef = 18F50F0D1DD5A94F00CEA8C9 /* SAMLoginController.swift */; };
		18F50F101DD5A94F00CEA8C9 /* SAMLoginController.xib in Resources */ = {isa = PBXBuildFile; fileRef = 18F50F0E1DD5A94F00CEA8C9 /* SAMLoginController.xib */; };
		18F50F121DD698FF00CEA8C9 /* SAMLoginTextField.swift in Sources */ = {isa = PBXBuildFile; fileRef = 18F50F111DD698FF00CEA8C9 /* SAMLoginTextField.swift */; };
		18FA537E1E013D8F00952F76 /* SAMShoppingCarListModel.swift in Sources */ = {isa = PBXBuildFile; fileRef = 18FA537D1E013D8F00952F76 /* SAMShoppingCarListModel.swift */; };
		535A88B0197280CACB8BA322 /* Pods_SaleManager.framework in Frameworks */ = {isa = PBXBuildFile; fileRef = 8086D1F1C8470C338633799F /* Pods_SaleManager.framework */; };
/* End PBXBuildFile section */

/* Begin PBXContainerItemProxy section */
		18C202CB1DD3081A00C0117C /* PBXContainerItemProxy */ = {
			isa = PBXContainerItemProxy;
			containerPortal = 18C202AE1DD3081A00C0117C /* Project object */;
			proxyType = 1;
			remoteGlobalIDString = 18C202B51DD3081A00C0117C;
			remoteInfo = SaleManager;
		};
		18C202D61DD3081A00C0117C /* PBXContainerItemProxy */ = {
			isa = PBXContainerItemProxy;
			containerPortal = 18C202AE1DD3081A00C0117C /* Project object */;
			proxyType = 1;
			remoteGlobalIDString = 18C202B51DD3081A00C0117C;
			remoteInfo = SaleManager;
		};
/* End PBXContainerItemProxy section */

/* Begin PBXFileReference section */
		1808BD671DE140B800D79718 /* provinces.plist */ = {isa = PBXFileReference; fileEncoding = 4; lastKnownFileType = text.plist.xml; path = provinces.plist; sourceTree = "<group>"; };
		1808BD691DE1414200D79718 /* LXMProCityList.swift */ = {isa = PBXFileReference; fileEncoding = 4; lastKnownFileType = sourcecode.swift; path = LXMProCityList.swift; sourceTree = "<group>"; };
		180CC8A11DEDC692005898FF /* loginImage@2x.png */ = {isa = PBXFileReference; lastKnownFileType = image.png; path = "loginImage@2x.png"; sourceTree = "<group>"; };
		180CC8A21DEDC692005898FF /* loginImage@3x.png */ = {isa = PBXFileReference; lastKnownFileType = image.png; path = "loginImage@3x.png"; sourceTree = "<group>"; };
		180F9B201E00D799004FCBEA /* SAMShoppingCarController.xib */ = {isa = PBXFileReference; fileEncoding = 4; lastKnownFileType = file.xib; path = SAMShoppingCarController.xib; sourceTree = "<group>"; };
		180F9B241E00DCFB004FCBEA /* SAMShoppingCarListCell.swift */ = {isa = PBXFileReference; fileEncoding = 4; lastKnownFileType = sourcecode.swift; path = SAMShoppingCarListCell.swift; sourceTree = "<group>"; };
		180F9B251E00DCFB004FCBEA /* SAMShoppingCarListCell.xib */ = {isa = PBXFileReference; fileEncoding = 4; lastKnownFileType = file.xib; path = SAMShoppingCarListCell.xib; sourceTree = "<group>"; };
		184570D01DE80D3E00F8AAB0 /* SAMStockProductModel.swift */ = {isa = PBXFileReference; fileEncoding = 4; lastKnownFileType = sourcecode.swift; path = SAMStockProductModel.swift; sourceTree = "<group>"; };
		184570D21DE87E1F00F8AAB0 /* SAMStockProductDetailCell.swift */ = {isa = PBXFileReference; fileEncoding = 4; lastKnownFileType = sourcecode.swift; path = SAMStockProductDetailCell.swift; sourceTree = "<group>"; };
		184570D31DE87E1F00F8AAB0 /* SAMStockProductDetailCell.xib */ = {isa = PBXFileReference; fileEncoding = 4; lastKnownFileType = file.xib; path = SAMStockProductDetailCell.xib; sourceTree = "<group>"; };
		184946491DDE8D6700C2E9E8 /* SAMCustomerAddController.swift */ = {isa = PBXFileReference; fileEncoding = 4; lastKnownFileType = sourcecode.swift; path = SAMCustomerAddController.swift; sourceTree = "<group>"; };
		1849464A1DDE8D6700C2E9E8 /* SAMCustomerAddController.xib */ = {isa = PBXFileReference; fileEncoding = 4; lastKnownFileType = file.xib; path = SAMCustomerAddController.xib; sourceTree = "<group>"; };
		1854292A1DF6517D005BDAA6 /* SAMSalesHistoryController.swift */ = {isa = PBXFileReference; fileEncoding = 4; lastKnownFileType = sourcecode.swift; path = SAMSalesHistoryController.swift; sourceTree = "<group>"; };
		1854292B1DF6517D005BDAA6 /* SAMSalesHistoryController.xib */ = {isa = PBXFileReference; fileEncoding = 4; lastKnownFileType = file.xib; path = SAMSalesHistoryController.xib; sourceTree = "<group>"; };
		1854292E1DF69DBF005BDAA6 /* NSDate+Extension.swift */ = {isa = PBXFileReference; fileEncoding = 4; lastKnownFileType = sourcecode.swift; path = "NSDate+Extension.swift"; sourceTree = "<group>"; };
		185429301DF6D20B005BDAA6 /* SAMSaleInfoCell.swift */ = {isa = PBXFileReference; fileEncoding = 4; lastKnownFileType = sourcecode.swift; path = SAMSaleInfoCell.swift; sourceTree = "<group>"; };
		185429311DF6D20B005BDAA6 /* SAMSaleInfoCell.xib */ = {isa = PBXFileReference; fileEncoding = 4; lastKnownFileType = file.xib; path = SAMSaleInfoCell.xib; sourceTree = "<group>"; };
		185429361DF78F8E005BDAA6 /* SAMSaleOrderInfoModel.swift */ = {isa = PBXFileReference; fileEncoding = 4; lastKnownFileType = sourcecode.swift; path = SAMSaleOrderInfoModel.swift; sourceTree = "<group>"; };
		185429381DF8122B005BDAA6 /* SAMSaleOrderDetailModel.swift */ = {isa = PBXFileReference; fileEncoding = 4; lastKnownFileType = sourcecode.swift; path = SAMSaleOrderDetailModel.swift; sourceTree = "<group>"; };
		185429501DF906A8005BDAA6 /* SAMOrderDetailSmallCell.swift */ = {isa = PBXFileReference; fileEncoding = 4; lastKnownFileType = sourcecode.swift; path = SAMOrderDetailSmallCell.swift; sourceTree = "<group>"; };
		185429511DF906A8005BDAA6 /* SAMOrderDetailSmallCell.xib */ = {isa = PBXFileReference; fileEncoding = 4; lastKnownFileType = file.xib; path = SAMOrderDetailSmallCell.xib; sourceTree = "<group>"; };
		185429541DF90722005BDAA6 /* SAMOrderDetailBigCell.swift */ = {isa = PBXFileReference; fileEncoding = 4; lastKnownFileType = sourcecode.swift; path = SAMOrderDetailBigCell.swift; sourceTree = "<group>"; };
		185429551DF90722005BDAA6 /* SAMOrderDetailBigCell.xib */ = {isa = PBXFileReference; fileEncoding = 4; lastKnownFileType = file.xib; path = SAMOrderDetailBigCell.xib; sourceTree = "<group>"; };
		185D100F1DDD4EC300556D17 /* SAMHUD.swift */ = {isa = PBXFileReference; fileEncoding = 4; lastKnownFileType = sourcecode.swift; path = SAMHUD.swift; sourceTree = "<group>"; };
		186EB3301DDC1FE000908E6A /* SAMCustomerViewController.xib */ = {isa = PBXFileReference; fileEncoding = 4; lastKnownFileType = file.xib; path = SAMCustomerViewController.xib; sourceTree = "<group>"; };
		187618D81DF065B1000DF4A1 /* SAMProductImageController.swift */ = {isa = PBXFileReference; fileEncoding = 4; lastKnownFileType = sourcecode.swift; path = SAMProductImageController.swift; sourceTree = "<group>"; };
		187618DA1DF3CEB2000DF4A1 /* SAMProductImageOpetationView.swift */ = {isa = PBXFileReference; fileEncoding = 4; lastKnownFileType = sourcecode.swift; path = SAMProductImageOpetationView.swift; sourceTree = "<group>"; };
		187618DC1DF3CECA000DF4A1 /* SAMProductImageOpetationView.xib */ = {isa = PBXFileReference; fileEncoding = 4; lastKnownFileType = file.xib; path = SAMProductImageOpetationView.xib; sourceTree = "<group>"; };
		187EA2751DE3EF5B004523A4 /* LXMCodeViewController.xib */ = {isa = PBXFileReference; fileEncoding = 4; lastKnownFileType = file.xib; path = LXMCodeViewController.xib; sourceTree = "<group>"; };
		187EA2771DE53295004523A4 /* SAMStockConditionalSearchController.swift */ = {isa = PBXFileReference; fileEncoding = 4; lastKnownFileType = sourcecode.swift; path = SAMStockConditionalSearchController.swift; sourceTree = "<group>"; };
		187EA2781DE53295004523A4 /* SAMStockConditionalSearchController.xib */ = {isa = PBXFileReference; fileEncoding = 4; lastKnownFileType = file.xib; path = SAMStockConditionalSearchController.xib; sourceTree = "<group>"; };
		187EA27B1DE5477F004523A4 /* SAMStockCategory.swift */ = {isa = PBXFileReference; fileEncoding = 4; lastKnownFileType = sourcecode.swift; path = SAMStockCategory.swift; sourceTree = "<group>"; };
		187EA27D1DE54794004523A4 /* SAMStockStorehouse.swift */ = {isa = PBXFileReference; fileEncoding = 4; lastKnownFileType = sourcecode.swift; path = SAMStockStorehouse.swift; sourceTree = "<group>"; };
		187EA2861DE5AF41004523A4 /* SAMStockCodeSearchCell.swift */ = {isa = PBXFileReference; fileEncoding = 4; lastKnownFileType = sourcecode.swift; path = SAMStockCodeSearchCell.swift; sourceTree = "<group>"; };
		187EA2871DE5AF41004523A4 /* SAMStockCodeSearchCell.xib */ = {isa = PBXFileReference; fileEncoding = 4; lastKnownFileType = file.xib; path = SAMStockCodeSearchCell.xib; sourceTree = "<group>"; };
		187EA28A1DE5BFEC004523A4 /* SAMStockCodeModel.swift */ = {isa = PBXFileReference; fileEncoding = 4; lastKnownFileType = sourcecode.swift; path = SAMStockCodeModel.swift; sourceTree = "<group>"; };
		18A63B2C1DE7D5BF00869ABB /* SAMStockProductCell.swift */ = {isa = PBXFileReference; fileEncoding = 4; lastKnownFileType = sourcecode.swift; path = SAMStockProductCell.swift; sourceTree = "<group>"; };
		18A63B2D1DE7D5BF00869ABB /* SAMStockProductCell.xib */ = {isa = PBXFileReference; fileEncoding = 4; lastKnownFileType = file.xib; path = SAMStockProductCell.xib; sourceTree = "<group>"; };
		18ABA9551DDB4EE100B503F0 /* SAMUserAuth.swift */ = {isa = PBXFileReference; fileEncoding = 4; lastKnownFileType = sourcecode.swift; path = SAMUserAuth.swift; sourceTree = "<group>"; };
		18B089D21DD7EC9900CDF36D /* SAMNetWorker.swift */ = {isa = PBXFileReference; fileEncoding = 4; lastKnownFileType = sourcecode.swift; path = SAMNetWorker.swift; sourceTree = "<group>"; };
		18BA151B1DFA8E2E003D524C /* SAMOrderDetailController.swift */ = {isa = PBXFileReference; fileEncoding = 4; lastKnownFileType = sourcecode.swift; path = SAMOrderDetailController.swift; sourceTree = "<group>"; };
		18BA151C1DFA8E2E003D524C /* SAMOrderDetailController.xib */ = {isa = PBXFileReference; fileEncoding = 4; lastKnownFileType = file.xib; path = SAMOrderDetailController.xib; sourceTree = "<group>"; };
		18BA151F1DFAAA7C003D524C /* SAMSaleOrderDetailListModel.swift */ = {isa = PBXFileReference; fileEncoding = 4; lastKnownFileType = sourcecode.swift; path = SAMSaleOrderDetailListModel.swift; sourceTree = "<group>"; };
		18BA15211DFAAFC4003D524C /* SAMOrderDetailListCell.swift */ = {isa = PBXFileReference; fileEncoding = 4; lastKnownFileType = sourcecode.swift; path = SAMOrderDetailListCell.swift; sourceTree = "<group>"; };
		18BA15221DFAAFC4003D524C /* SAMOrderDetailListCell.xib */ = {isa = PBXFileReference; fileEncoding = 4; lastKnownFileType = file.xib; path = SAMOrderDetailListCell.xib; sourceTree = "<group>"; };
		18BA15291DFB8093003D524C /* SAMOrderMishuCell.swift */ = {isa = PBXFileReference; fileEncoding = 4; lastKnownFileType = sourcecode.swift; path = SAMOrderMishuCell.swift; sourceTree = "<group>"; };
		18BA152A1DFB8093003D524C /* SAMOrderMishuCell.xib */ = {isa = PBXFileReference; fileEncoding = 4; lastKnownFileType = file.xib; path = SAMOrderMishuCell.xib; sourceTree = "<group>"; };
		18BA152D1DFBA1A7003D524C /* SAMStockAddShoppingCarView.swift */ = {isa = PBXFileReference; fileEncoding = 4; lastKnownFileType = sourcecode.swift; path = SAMStockAddShoppingCarView.swift; sourceTree = "<group>"; };
		18BA152F1DFBA1BA003D524C /* SAMStockAddShoppingCarView.xib */ = {isa = PBXFileReference; fileEncoding = 4; lastKnownFileType = file.xib; path = SAMStockAddShoppingCarView.xib; sourceTree = "<group>"; };
		18C202B61DD3081A00C0117C /* SaleManager.app */ = {isa = PBXFileReference; explicitFileType = wrapper.application; includeInIndex = 0; path = SaleManager.app; sourceTree = BUILT_PRODUCTS_DIR; };
		18C202B91DD3081A00C0117C /* AppDelegate.swift */ = {isa = PBXFileReference; lastKnownFileType = sourcecode.swift; path = AppDelegate.swift; sourceTree = "<group>"; };
		18C202C01DD3081A00C0117C /* Assets.xcassets */ = {isa = PBXFileReference; lastKnownFileType = folder.assetcatalog; path = Assets.xcassets; sourceTree = "<group>"; };
		18C202C31DD3081A00C0117C /* Base */ = {isa = PBXFileReference; lastKnownFileType = file.storyboard; name = Base; path = Base.lproj/LaunchScreen.storyboard; sourceTree = "<group>"; };
		18C202C51DD3081A00C0117C /* Info.plist */ = {isa = PBXFileReference; lastKnownFileType = text.plist.xml; path = Info.plist; sourceTree = "<group>"; };
		18C202CA1DD3081A00C0117C /* SaleManagerTests.xctest */ = {isa = PBXFileReference; explicitFileType = wrapper.cfbundle; includeInIndex = 0; path = SaleManagerTests.xctest; sourceTree = BUILT_PRODUCTS_DIR; };
		18C202CE1DD3081A00C0117C /* SaleManagerTests.swift */ = {isa = PBXFileReference; lastKnownFileType = sourcecode.swift; path = SaleManagerTests.swift; sourceTree = "<group>"; };
		18C202D01DD3081A00C0117C /* Info.plist */ = {isa = PBXFileReference; lastKnownFileType = text.plist.xml; path = Info.plist; sourceTree = "<group>"; };
		18C202D51DD3081A00C0117C /* SaleManagerUITests.xctest */ = {isa = PBXFileReference; explicitFileType = wrapper.cfbundle; includeInIndex = 0; path = SaleManagerUITests.xctest; sourceTree = BUILT_PRODUCTS_DIR; };
		18C202D91DD3081A00C0117C /* SaleManagerUITests.swift */ = {isa = PBXFileReference; lastKnownFileType = sourcecode.swift; path = SaleManagerUITests.swift; sourceTree = "<group>"; };
		18C202DB1DD3081A00C0117C /* Info.plist */ = {isa = PBXFileReference; lastKnownFileType = text.plist.xml; path = Info.plist; sourceTree = "<group>"; };
		18C2033F1DD30EA900C0117C /* SAMMainTabBarController.swift */ = {isa = PBXFileReference; fileEncoding = 4; lastKnownFileType = sourcecode.swift; path = SAMMainTabBarController.swift; sourceTree = "<group>"; };
		18C203411DD30FB400C0117C /* SAMHomeViewController.swift */ = {isa = PBXFileReference; fileEncoding = 4; lastKnownFileType = sourcecode.swift; path = SAMHomeViewController.swift; sourceTree = "<group>"; };
		18C203451DD30FDB00C0117C /* SAMStockViewController.swift */ = {isa = PBXFileReference; fileEncoding = 4; lastKnownFileType = sourcecode.swift; path = SAMStockViewController.swift; sourceTree = "<group>"; };
		18C203471DD30FEC00C0117C /* LXMCodeViewController.swift */ = {isa = PBXFileReference; fileEncoding = 4; lastKnownFileType = sourcecode.swift; path = LXMCodeViewController.swift; sourceTree = "<group>"; };
		18C203491DD30FF800C0117C /* SAMShoppingCarController.swift */ = {isa = PBXFileReference; fileEncoding = 4; lastKnownFileType = sourcecode.swift; path = SAMShoppingCarController.swift; sourceTree = "<group>"; };
		18C2034B1DD3100900C0117C /* SAMCustomerViewController.swift */ = {isa = PBXFileReference; fileEncoding = 4; lastKnownFileType = sourcecode.swift; path = SAMCustomerViewController.swift; sourceTree = "<group>"; };
		18C2034D1DD3143700C0117C /* SAMBaseNavigationController.swift */ = {isa = PBXFileReference; fileEncoding = 4; lastKnownFileType = sourcecode.swift; path = SAMBaseNavigationController.swift; sourceTree = "<group>"; };
		18C2034F1DD322EF00C0117C /* SAMConstant.swift */ = {isa = PBXFileReference; fileEncoding = 4; lastKnownFileType = sourcecode.swift; path = SAMConstant.swift; sourceTree = "<group>"; };
		18C203511DD32FCE00C0117C /* SAMHomeButton.swift */ = {isa = PBXFileReference; fileEncoding = 4; lastKnownFileType = sourcecode.swift; path = SAMHomeButton.swift; sourceTree = "<group>"; };
		18C203531DD477D800C0117C /* SAMStockViewController.xib */ = {isa = PBXFileReference; fileEncoding = 4; lastKnownFileType = file.xib; path = SAMStockViewController.xib; sourceTree = "<group>"; };
		18CDA8B21DEC041400DB4F69 /* SAMStockProductInfoController.swift */ = {isa = PBXFileReference; fileEncoding = 4; lastKnownFileType = sourcecode.swift; path = SAMStockProductInfoController.swift; sourceTree = "<group>"; };
		18CDA8B41DEC042100DB4F69 /* SAMStockProductInfoController.storyboard */ = {isa = PBXFileReference; fileEncoding = 4; lastKnownFileType = file.storyboard; path = SAMStockProductInfoController.storyboard; sourceTree = "<group>"; };
		18D30D8F1DDEA01400C1DC67 /* SAMPresentingAnimator.swift */ = {isa = PBXFileReference; fileEncoding = 4; lastKnownFileType = sourcecode.swift; path = SAMPresentingAnimator.swift; sourceTree = "<group>"; };
		18D30D9D1DDED07000C1DC67 /* SAMDismissingAnimator.swift */ = {isa = PBXFileReference; fileEncoding = 4; lastKnownFileType = sourcecode.swift; path = SAMDismissingAnimator.swift; sourceTree = "<group>"; };
		18EC9B401DDC026F00E78C7E /* SAMCustomerModel.swift */ = {isa = PBXFileReference; fileEncoding = 4; lastKnownFileType = sourcecode.swift; path = SAMCustomerModel.swift; sourceTree = "<group>"; };
		18EC9B421DDC06C900E78C7E /* SAMCustomerCollectionCell.swift */ = {isa = PBXFileReference; fileEncoding = 4; lastKnownFileType = sourcecode.swift; path = SAMCustomerCollectionCell.swift; sourceTree = "<group>"; };
		18EC9B431DDC06C900E78C7E /* SAMCustomerCollectionCell.xib */ = {isa = PBXFileReference; fileEncoding = 4; lastKnownFileType = file.xib; path = SAMCustomerCollectionCell.xib; sourceTree = "<group>"; };
		18F4530C1DDF43E100574FCB /* SAMStringExtension.swift */ = {isa = PBXFileReference; fileEncoding = 4; lastKnownFileType = sourcecode.swift; path = SAMStringExtension.swift; sourceTree = "<group>"; };
		18F50F0D1DD5A94F00CEA8C9 /* SAMLoginController.swift */ = {isa = PBXFileReference; fileEncoding = 4; lastKnownFileType = sourcecode.swift; path = SAMLoginController.swift; sourceTree = "<group>"; };
		18F50F0E1DD5A94F00CEA8C9 /* SAMLoginController.xib */ = {isa = PBXFileReference; fileEncoding = 4; lastKnownFileType = file.xib; path = SAMLoginController.xib; sourceTree = "<group>"; };
		18F50F111DD698FF00CEA8C9 /* SAMLoginTextField.swift */ = {isa = PBXFileReference; fileEncoding = 4; lastKnownFileType = sourcecode.swift; path = SAMLoginTextField.swift; sourceTree = "<group>"; };
		18FA537D1E013D8F00952F76 /* SAMShoppingCarListModel.swift */ = {isa = PBXFileReference; fileEncoding = 4; lastKnownFileType = sourcecode.swift; path = SAMShoppingCarListModel.swift; sourceTree = "<group>"; };
		8086D1F1C8470C338633799F /* Pods_SaleManager.framework */ = {isa = PBXFileReference; explicitFileType = wrapper.framework; includeInIndex = 0; path = Pods_SaleManager.framework; sourceTree = BUILT_PRODUCTS_DIR; };
		C654EF8124BE0CC8B012C687 /* Pods-SaleManager.release.xcconfig */ = {isa = PBXFileReference; includeInIndex = 1; lastKnownFileType = text.xcconfig; name = "Pods-SaleManager.release.xcconfig"; path = "Pods/Target Support Files/Pods-SaleManager/Pods-SaleManager.release.xcconfig"; sourceTree = "<group>"; };
		FA19BEFDEDE3927824F5E8B3 /* Pods-SaleManager.debug.xcconfig */ = {isa = PBXFileReference; includeInIndex = 1; lastKnownFileType = text.xcconfig; name = "Pods-SaleManager.debug.xcconfig"; path = "Pods/Target Support Files/Pods-SaleManager/Pods-SaleManager.debug.xcconfig"; sourceTree = "<group>"; };
/* End PBXFileReference section */

/* Begin PBXFrameworksBuildPhase section */
		18C202B31DD3081A00C0117C /* Frameworks */ = {
			isa = PBXFrameworksBuildPhase;
			buildActionMask = 2147483647;
			files = (
				535A88B0197280CACB8BA322 /* Pods_SaleManager.framework in Frameworks */,
			);
			runOnlyForDeploymentPostprocessing = 0;
		};
		18C202C71DD3081A00C0117C /* Frameworks */ = {
			isa = PBXFrameworksBuildPhase;
			buildActionMask = 2147483647;
			files = (
			);
			runOnlyForDeploymentPostprocessing = 0;
		};
		18C202D21DD3081A00C0117C /* Frameworks */ = {
			isa = PBXFrameworksBuildPhase;
			buildActionMask = 2147483647;
			files = (
			);
			runOnlyForDeploymentPostprocessing = 0;
		};
/* End PBXFrameworksBuildPhase section */

/* Begin PBXGroup section */
		185429261DF65150005BDAA6 /* Sales */ = {
			isa = PBXGroup;
			children = (
				185429271DF65150005BDAA6 /* Controller */,
				185429281DF65150005BDAA6 /* Model */,
				185429291DF65150005BDAA6 /* View */,
			);
			path = Sales;
			sourceTree = "<group>";
		};
		185429271DF65150005BDAA6 /* Controller */ = {
			isa = PBXGroup;
			children = (
				1854292A1DF6517D005BDAA6 /* SAMSalesHistoryController.swift */,
				1854292B1DF6517D005BDAA6 /* SAMSalesHistoryController.xib */,
				18BA151B1DFA8E2E003D524C /* SAMOrderDetailController.swift */,
				18BA151C1DFA8E2E003D524C /* SAMOrderDetailController.xib */,
			);
			path = Controller;
			sourceTree = "<group>";
		};
		185429281DF65150005BDAA6 /* Model */ = {
			isa = PBXGroup;
			children = (
				185429361DF78F8E005BDAA6 /* SAMSaleOrderInfoModel.swift */,
				185429381DF8122B005BDAA6 /* SAMSaleOrderDetailModel.swift */,
				18BA151F1DFAAA7C003D524C /* SAMSaleOrderDetailListModel.swift */,
			);
			path = Model;
			sourceTree = "<group>";
		};
		185429291DF65150005BDAA6 /* View */ = {
			isa = PBXGroup;
			children = (
				185429301DF6D20B005BDAA6 /* SAMSaleInfoCell.swift */,
				185429311DF6D20B005BDAA6 /* SAMSaleInfoCell.xib */,
				185429501DF906A8005BDAA6 /* SAMOrderDetailSmallCell.swift */,
				185429511DF906A8005BDAA6 /* SAMOrderDetailSmallCell.xib */,
				185429541DF90722005BDAA6 /* SAMOrderDetailBigCell.swift */,
				185429551DF90722005BDAA6 /* SAMOrderDetailBigCell.xib */,
				18BA15211DFAAFC4003D524C /* SAMOrderDetailListCell.swift */,
				18BA15221DFAAFC4003D524C /* SAMOrderDetailListCell.xib */,
				18BA15291DFB8093003D524C /* SAMOrderMishuCell.swift */,
				18BA152A1DFB8093003D524C /* SAMOrderMishuCell.xib */,
			);
			path = View;
			sourceTree = "<group>";
		};
		18C202AD1DD3081A00C0117C = {
			isa = PBXGroup;
			children = (
				18C202B81DD3081A00C0117C /* SaleManager */,
				18C202CD1DD3081A00C0117C /* SaleManagerTests */,
				18C202D81DD3081A00C0117C /* SaleManagerUITests */,
				18C202B71DD3081A00C0117C /* Products */,
				9969C18FEECE61EB80CB1998 /* Pods */,
				52E1A8A367A790BEE279E4A2 /* Frameworks */,
			);
			sourceTree = "<group>";
		};
		18C202B71DD3081A00C0117C /* Products */ = {
			isa = PBXGroup;
			children = (
				18C202B61DD3081A00C0117C /* SaleManager.app */,
				18C202CA1DD3081A00C0117C /* SaleManagerTests.xctest */,
				18C202D51DD3081A00C0117C /* SaleManagerUITests.xctest */,
			);
			name = Products;
			sourceTree = "<group>";
		};
		18C202B81DD3081A00C0117C /* SaleManager */ = {
			isa = PBXGroup;
			children = (
				18C202B91DD3081A00C0117C /* AppDelegate.swift */,
				18C202F71DD30ADE00C0117C /* Main */,
				18C202F31DD30ADE00C0117C /* Home */,
				18C202FC1DD30ADE00C0117C /* Stock */,
				18C202EB1DD30ADE00C0117C /* Code */,
				18C202E71DD30ADE00C0117C /* Car */,
				18C202EF1DD30ADE00C0117C /* Customer */,
				185429261DF65150005BDAA6 /* Sales */,
				18C202FB1DD30ADE00C0117C /* Other */,
				18C203001DD30ADE00C0117C /* Tools */,
				18C202C01DD3081A00C0117C /* Assets.xcassets */,
				180CC8A11DEDC692005898FF /* loginImage@2x.png */,
				180CC8A21DEDC692005898FF /* loginImage@3x.png */,
				18C202C21DD3081A00C0117C /* LaunchScreen.storyboard */,
				18C202C51DD3081A00C0117C /* Info.plist */,
			);
			path = SaleManager;
			sourceTree = "<group>";
		};
		18C202CD1DD3081A00C0117C /* SaleManagerTests */ = {
			isa = PBXGroup;
			children = (
				18C202CE1DD3081A00C0117C /* SaleManagerTests.swift */,
				18C202D01DD3081A00C0117C /* Info.plist */,
			);
			path = SaleManagerTests;
			sourceTree = "<group>";
		};
		18C202D81DD3081A00C0117C /* SaleManagerUITests */ = {
			isa = PBXGroup;
			children = (
				18C202D91DD3081A00C0117C /* SaleManagerUITests.swift */,
				18C202DB1DD3081A00C0117C /* Info.plist */,
			);
			path = SaleManagerUITests;
			sourceTree = "<group>";
		};
		18C202E71DD30ADE00C0117C /* Car */ = {
			isa = PBXGroup;
			children = (
				18C202E81DD30ADE00C0117C /* Controller */,
				18FA537C1E013D8F00952F76 /* Model */,
				18C202EA1DD30ADE00C0117C /* View */,
			);
			path = Car;
			sourceTree = "<group>";
		};
		18C202E81DD30ADE00C0117C /* Controller */ = {
			isa = PBXGroup;
			children = (
				18C203491DD30FF800C0117C /* SAMShoppingCarController.swift */,
				180F9B201E00D799004FCBEA /* SAMShoppingCarController.xib */,
			);
			path = Controller;
			sourceTree = "<group>";
		};
		18C202EA1DD30ADE00C0117C /* View */ = {
			isa = PBXGroup;
			children = (
				180F9B241E00DCFB004FCBEA /* SAMShoppingCarListCell.swift */,
				180F9B251E00DCFB004FCBEA /* SAMShoppingCarListCell.xib */,
			);
			path = View;
			sourceTree = "<group>";
		};
		18C202EB1DD30ADE00C0117C /* Code */ = {
			isa = PBXGroup;
			children = (
				18C202EC1DD30ADE00C0117C /* Controller */,
				18C202ED1DD30ADE00C0117C /* Model */,
				18C202EE1DD30ADE00C0117C /* View */,
			);
			path = Code;
			sourceTree = "<group>";
		};
		18C202EC1DD30ADE00C0117C /* Controller */ = {
			isa = PBXGroup;
			children = (
				18C203471DD30FEC00C0117C /* LXMCodeViewController.swift */,
				187EA2751DE3EF5B004523A4 /* LXMCodeViewController.xib */,
			);
			path = Controller;
			sourceTree = "<group>";
		};
		18C202ED1DD30ADE00C0117C /* Model */ = {
			isa = PBXGroup;
			children = (
			);
			path = Model;
			sourceTree = "<group>";
		};
		18C202EE1DD30ADE00C0117C /* View */ = {
			isa = PBXGroup;
			children = (
			);
			path = View;
			sourceTree = "<group>";
		};
		18C202EF1DD30ADE00C0117C /* Customer */ = {
			isa = PBXGroup;
			children = (
				18C202F01DD30ADE00C0117C /* Controller */,
				18C202F11DD30ADE00C0117C /* Model */,
				18C202F21DD30ADE00C0117C /* View */,
			);
			path = Customer;
			sourceTree = "<group>";
		};
		18C202F01DD30ADE00C0117C /* Controller */ = {
			isa = PBXGroup;
			children = (
				18C2034B1DD3100900C0117C /* SAMCustomerViewController.swift */,
				186EB3301DDC1FE000908E6A /* SAMCustomerViewController.xib */,
				184946491DDE8D6700C2E9E8 /* SAMCustomerAddController.swift */,
				1849464A1DDE8D6700C2E9E8 /* SAMCustomerAddController.xib */,
			);
			path = Controller;
			sourceTree = "<group>";
		};
		18C202F11DD30ADE00C0117C /* Model */ = {
			isa = PBXGroup;
			children = (
				18EC9B401DDC026F00E78C7E /* SAMCustomerModel.swift */,
				1808BD691DE1414200D79718 /* LXMProCityList.swift */,
			);
			path = Model;
			sourceTree = "<group>";
		};
		18C202F21DD30ADE00C0117C /* View */ = {
			isa = PBXGroup;
			children = (
				18EC9B421DDC06C900E78C7E /* SAMCustomerCollectionCell.swift */,
				18EC9B431DDC06C900E78C7E /* SAMCustomerCollectionCell.xib */,
			);
			path = View;
			sourceTree = "<group>";
		};
		18C202F31DD30ADE00C0117C /* Home */ = {
			isa = PBXGroup;
			children = (
				18C202F41DD30ADE00C0117C /* Controller */,
				18C202F51DD30ADE00C0117C /* Model */,
				18C202F61DD30ADE00C0117C /* View */,
			);
			path = Home;
			sourceTree = "<group>";
		};
		18C202F41DD30ADE00C0117C /* Controller */ = {
			isa = PBXGroup;
			children = (
				18C203411DD30FB400C0117C /* SAMHomeViewController.swift */,
			);
			path = Controller;
			sourceTree = "<group>";
		};
		18C202F51DD30ADE00C0117C /* Model */ = {
			isa = PBXGroup;
			children = (
			);
			path = Model;
			sourceTree = "<group>";
		};
		18C202F61DD30ADE00C0117C /* View */ = {
			isa = PBXGroup;
			children = (
				18C203511DD32FCE00C0117C /* SAMHomeButton.swift */,
			);
			path = View;
			sourceTree = "<group>";
		};
		18C202F71DD30ADE00C0117C /* Main */ = {
			isa = PBXGroup;
			children = (
				18C202F81DD30ADE00C0117C /* Controller */,
				18C202F91DD30ADE00C0117C /* Model */,
				18C202FA1DD30ADE00C0117C /* View */,
			);
			path = Main;
			sourceTree = "<group>";
		};
		18C202F81DD30ADE00C0117C /* Controller */ = {
			isa = PBXGroup;
			children = (
				18C2033F1DD30EA900C0117C /* SAMMainTabBarController.swift */,
				18C2034D1DD3143700C0117C /* SAMBaseNavigationController.swift */,
				18F50F0D1DD5A94F00CEA8C9 /* SAMLoginController.swift */,
				18F50F0E1DD5A94F00CEA8C9 /* SAMLoginController.xib */,
			);
			path = Controller;
			sourceTree = "<group>";
		};
		18C202F91DD30ADE00C0117C /* Model */ = {
			isa = PBXGroup;
			children = (
				18ABA9551DDB4EE100B503F0 /* SAMUserAuth.swift */,
			);
			path = Model;
			sourceTree = "<group>";
		};
		18C202FA1DD30ADE00C0117C /* View */ = {
			isa = PBXGroup;
			children = (
				18F50F111DD698FF00CEA8C9 /* SAMLoginTextField.swift */,
			);
			path = View;
			sourceTree = "<group>";
		};
		18C202FB1DD30ADE00C0117C /* Other */ = {
			isa = PBXGroup;
			children = (
				1808BD671DE140B800D79718 /* provinces.plist */,
				18C2034F1DD322EF00C0117C /* SAMConstant.swift */,
				18F4530C1DDF43E100574FCB /* SAMStringExtension.swift */,
				1854292E1DF69DBF005BDAA6 /* NSDate+Extension.swift */,
			);
			path = Other;
			sourceTree = "<group>";
		};
		18C202FC1DD30ADE00C0117C /* Stock */ = {
			isa = PBXGroup;
			children = (
				18C202FD1DD30ADE00C0117C /* Controller */,
				18C202FE1DD30ADE00C0117C /* Model */,
				18C202FF1DD30ADE00C0117C /* View */,
			);
			path = Stock;
			sourceTree = "<group>";
		};
		18C202FD1DD30ADE00C0117C /* Controller */ = {
			isa = PBXGroup;
			children = (
				18C203451DD30FDB00C0117C /* SAMStockViewController.swift */,
				18C203531DD477D800C0117C /* SAMStockViewController.xib */,
				187EA2771DE53295004523A4 /* SAMStockConditionalSearchController.swift */,
				187EA2781DE53295004523A4 /* SAMStockConditionalSearchController.xib */,
				18CDA8B21DEC041400DB4F69 /* SAMStockProductInfoController.swift */,
				187618D81DF065B1000DF4A1 /* SAMProductImageController.swift */,
				18CDA8B41DEC042100DB4F69 /* SAMStockProductInfoController.storyboard */,
				187618DA1DF3CEB2000DF4A1 /* SAMProductImageOpetationView.swift */,
				187618DC1DF3CECA000DF4A1 /* SAMProductImageOpetationView.xib */,
			);
			path = Controller;
			sourceTree = "<group>";
		};
		18C202FE1DD30ADE00C0117C /* Model */ = {
			isa = PBXGroup;
			children = (
				187EA27B1DE5477F004523A4 /* SAMStockCategory.swift */,
				187EA27D1DE54794004523A4 /* SAMStockStorehouse.swift */,
				187EA28A1DE5BFEC004523A4 /* SAMStockCodeModel.swift */,
				184570D01DE80D3E00F8AAB0 /* SAMStockProductModel.swift */,
			);
			path = Model;
			sourceTree = "<group>";
		};
		18C202FF1DD30ADE00C0117C /* View */ = {
			isa = PBXGroup;
			children = (
				18A63B2C1DE7D5BF00869ABB /* SAMStockProductCell.swift */,
				18A63B2D1DE7D5BF00869ABB /* SAMStockProductCell.xib */,
				184570D21DE87E1F00F8AAB0 /* SAMStockProductDetailCell.swift */,
				184570D31DE87E1F00F8AAB0 /* SAMStockProductDetailCell.xib */,
				187EA2861DE5AF41004523A4 /* SAMStockCodeSearchCell.swift */,
				187EA2871DE5AF41004523A4 /* SAMStockCodeSearchCell.xib */,
				18BA152D1DFBA1A7003D524C /* SAMStockAddShoppingCarView.swift */,
				18BA152F1DFBA1BA003D524C /* SAMStockAddShoppingCarView.xib */,
			);
			path = View;
			sourceTree = "<group>";
		};
		18C203001DD30ADE00C0117C /* Tools */ = {
			isa = PBXGroup;
			children = (
				18B089D21DD7EC9900CDF36D /* SAMNetWorker.swift */,
				185D100F1DDD4EC300556D17 /* SAMHUD.swift */,
				18D30D8F1DDEA01400C1DC67 /* SAMPresentingAnimator.swift */,
				18D30D9D1DDED07000C1DC67 /* SAMDismissingAnimator.swift */,
			);
			path = Tools;
			sourceTree = "<group>";
		};
		18FA537C1E013D8F00952F76 /* Model */ = {
			isa = PBXGroup;
			children = (
				18FA537D1E013D8F00952F76 /* SAMShoppingCarListModel.swift */,
			);
			path = Model;
			sourceTree = "<group>";
		};
		52E1A8A367A790BEE279E4A2 /* Frameworks */ = {
			isa = PBXGroup;
			children = (
				8086D1F1C8470C338633799F /* Pods_SaleManager.framework */,
			);
			name = Frameworks;
			sourceTree = "<group>";
		};
		9969C18FEECE61EB80CB1998 /* Pods */ = {
			isa = PBXGroup;
			children = (
				FA19BEFDEDE3927824F5E8B3 /* Pods-SaleManager.debug.xcconfig */,
				C654EF8124BE0CC8B012C687 /* Pods-SaleManager.release.xcconfig */,
			);
			name = Pods;
			sourceTree = "<group>";
		};
/* End PBXGroup section */

/* Begin PBXNativeTarget section */
		18C202B51DD3081A00C0117C /* SaleManager */ = {
			isa = PBXNativeTarget;
			buildConfigurationList = 18C202DE1DD3081A00C0117C /* Build configuration list for PBXNativeTarget "SaleManager" */;
			buildPhases = (
				28B526A6310A702A34B0148D /* [CP] Check Pods Manifest.lock */,
				18C202B21DD3081A00C0117C /* Sources */,
				18C202B31DD3081A00C0117C /* Frameworks */,
				18C202B41DD3081A00C0117C /* Resources */,
				18B089D11DD70D7D00CDF36D /* ShellScript */,
				101CCF01456BA518A09D8213 /* [CP] Embed Pods Frameworks */,
				B975061B70AAA1C75FB6B257 /* [CP] Copy Pods Resources */,
			);
			buildRules = (
			);
			dependencies = (
			);
			name = SaleManager;
			productName = SaleManager;
			productReference = 18C202B61DD3081A00C0117C /* SaleManager.app */;
			productType = "com.apple.product-type.application";
		};
		18C202C91DD3081A00C0117C /* SaleManagerTests */ = {
			isa = PBXNativeTarget;
			buildConfigurationList = 18C202E11DD3081A00C0117C /* Build configuration list for PBXNativeTarget "SaleManagerTests" */;
			buildPhases = (
				18C202C61DD3081A00C0117C /* Sources */,
				18C202C71DD3081A00C0117C /* Frameworks */,
				18C202C81DD3081A00C0117C /* Resources */,
			);
			buildRules = (
			);
			dependencies = (
				18C202CC1DD3081A00C0117C /* PBXTargetDependency */,
			);
			name = SaleManagerTests;
			productName = SaleManagerTests;
			productReference = 18C202CA1DD3081A00C0117C /* SaleManagerTests.xctest */;
			productType = "com.apple.product-type.bundle.unit-test";
		};
		18C202D41DD3081A00C0117C /* SaleManagerUITests */ = {
			isa = PBXNativeTarget;
			buildConfigurationList = 18C202E41DD3081A00C0117C /* Build configuration list for PBXNativeTarget "SaleManagerUITests" */;
			buildPhases = (
				18C202D11DD3081A00C0117C /* Sources */,
				18C202D21DD3081A00C0117C /* Frameworks */,
				18C202D31DD3081A00C0117C /* Resources */,
			);
			buildRules = (
			);
			dependencies = (
				18C202D71DD3081A00C0117C /* PBXTargetDependency */,
			);
			name = SaleManagerUITests;
			productName = SaleManagerUITests;
			productReference = 18C202D51DD3081A00C0117C /* SaleManagerUITests.xctest */;
			productType = "com.apple.product-type.bundle.ui-testing";
		};
/* End PBXNativeTarget section */

/* Begin PBXProject section */
		18C202AE1DD3081A00C0117C /* Project object */ = {
			isa = PBXProject;
			attributes = {
				CLASSPREFIX = SAM;
				LastSwiftUpdateCheck = 0810;
				LastUpgradeCheck = 0810;
				ORGANIZATIONNAME = YZH;
				TargetAttributes = {
					18C202B51DD3081A00C0117C = {
						CreatedOnToolsVersion = 8.1;
						DevelopmentTeam = 76TFFZ7NKE;
						LastSwiftMigration = 0810;
						ProvisioningStyle = Automatic;
					};
					18C202C91DD3081A00C0117C = {
						CreatedOnToolsVersion = 8.1;
						DevelopmentTeam = GPQ66V2HR2;
						ProvisioningStyle = Automatic;
						TestTargetID = 18C202B51DD3081A00C0117C;
					};
					18C202D41DD3081A00C0117C = {
						CreatedOnToolsVersion = 8.1;
						DevelopmentTeam = GPQ66V2HR2;
						ProvisioningStyle = Automatic;
						TestTargetID = 18C202B51DD3081A00C0117C;
					};
				};
			};
			buildConfigurationList = 18C202B11DD3081A00C0117C /* Build configuration list for PBXProject "SaleManager" */;
			compatibilityVersion = "Xcode 3.2";
			developmentRegion = English;
			hasScannedForEncodings = 0;
			knownRegions = (
				en,
				Base,
			);
			mainGroup = 18C202AD1DD3081A00C0117C;
			productRefGroup = 18C202B71DD3081A00C0117C /* Products */;
			projectDirPath = "";
			projectRoot = "";
			targets = (
				18C202B51DD3081A00C0117C /* SaleManager */,
				18C202C91DD3081A00C0117C /* SaleManagerTests */,
				18C202D41DD3081A00C0117C /* SaleManagerUITests */,
			);
		};
/* End PBXProject section */

/* Begin PBXResourcesBuildPhase section */
		18C202B41DD3081A00C0117C /* Resources */ = {
			isa = PBXResourcesBuildPhase;
			buildActionMask = 2147483647;
			files = (
				18F50F101DD5A94F00CEA8C9 /* SAMLoginController.xib in Resources */,
				187EA2891DE5AF41004523A4 /* SAMStockCodeSearchCell.xib in Resources */,
				18BA15241DFAAFC4003D524C /* SAMOrderDetailListCell.xib in Resources */,
				180CC8A31DEDC692005898FF /* loginImage@2x.png in Resources */,
				187EA27A1DE53295004523A4 /* SAMStockConditionalSearchController.xib in Resources */,
				18CDA8B51DEC042100DB4F69 /* SAMStockProductInfoController.storyboard in Resources */,
				1808BD681DE140B800D79718 /* provinces.plist in Resources */,
				185429331DF6D20B005BDAA6 /* SAMSaleInfoCell.xib in Resources */,
				187EA2761DE3EF5B004523A4 /* LXMCodeViewController.xib in Resources */,
				18BA152C1DFB8093003D524C /* SAMOrderMishuCell.xib in Resources */,
				186EB3311DDC1FE000908E6A /* SAMCustomerViewController.xib in Resources */,
				18BA151E1DFA8E2E003D524C /* SAMOrderDetailController.xib in Resources */,
				18C202C41DD3081A00C0117C /* LaunchScreen.storyboard in Resources */,
				1854292D1DF6517D005BDAA6 /* SAMSalesHistoryController.xib in Resources */,
				18EC9B451DDC06C900E78C7E /* SAMCustomerCollectionCell.xib in Resources */,
				1849464C1DDE8D6700C2E9E8 /* SAMCustomerAddController.xib in Resources */,
				180CC8A41DEDC692005898FF /* loginImage@3x.png in Resources */,
				185429571DF90722005BDAA6 /* SAMOrderDetailBigCell.xib in Resources */,
				187618DD1DF3CECA000DF4A1 /* SAMProductImageOpetationView.xib in Resources */,
				18BA15301DFBA1BA003D524C /* SAMStockAddShoppingCarView.xib in Resources */,
				18C202C11DD3081A00C0117C /* Assets.xcassets in Resources */,
				180F9B211E00D799004FCBEA /* SAMShoppingCarController.xib in Resources */,
				184570D51DE87E1F00F8AAB0 /* SAMStockProductDetailCell.xib in Resources */,
				18A63B2F1DE7D5BF00869ABB /* SAMStockProductCell.xib in Resources */,
				185429531DF906A8005BDAA6 /* SAMOrderDetailSmallCell.xib in Resources */,
				18C203541DD477D800C0117C /* SAMStockViewController.xib in Resources */,
				180F9B271E00DCFB004FCBEA /* SAMShoppingCarListCell.xib in Resources */,
			);
			runOnlyForDeploymentPostprocessing = 0;
		};
		18C202C81DD3081A00C0117C /* Resources */ = {
			isa = PBXResourcesBuildPhase;
			buildActionMask = 2147483647;
			files = (
			);
			runOnlyForDeploymentPostprocessing = 0;
		};
		18C202D31DD3081A00C0117C /* Resources */ = {
			isa = PBXResourcesBuildPhase;
			buildActionMask = 2147483647;
			files = (
			);
			runOnlyForDeploymentPostprocessing = 0;
		};
/* End PBXResourcesBuildPhase section */

/* Begin PBXShellScriptBuildPhase section */
		101CCF01456BA518A09D8213 /* [CP] Embed Pods Frameworks */ = {
			isa = PBXShellScriptBuildPhase;
			buildActionMask = 2147483647;
			files = (
			);
			inputPaths = (
			);
			name = "[CP] Embed Pods Frameworks";
			outputPaths = (
			);
			runOnlyForDeploymentPostprocessing = 0;
			shellPath = /bin/sh;
			shellScript = "\"${SRCROOT}/Pods/Target Support Files/Pods-SaleManager/Pods-SaleManager-frameworks.sh\"\n";
			showEnvVarsInLog = 0;
		};
		18B089D11DD70D7D00CDF36D /* ShellScript */ = {
			isa = PBXShellScriptBuildPhase;
			buildActionMask = 2147483647;
			files = (
			);
			inputPaths = (
			);
			outputPaths = (
			);
			runOnlyForDeploymentPostprocessing = 0;
			shellPath = /bin/sh;
			shellScript = "TAGS=\"TODO:|FIXME:\"\necho \"searching ${SRCROOT} for ${TAGS}\"\nfind \"${SRCROOT}\" \\( -name \"*.swift\" \\) -print0 | xargs -0 egrep --with-filename --line-number --only-matching \"($TAGS).*\\$\" | perl -p -e \"s/($TAGS)/ warning: \\$1/\"\n";
		};
		28B526A6310A702A34B0148D /* [CP] Check Pods Manifest.lock */ = {
			isa = PBXShellScriptBuildPhase;
			buildActionMask = 2147483647;
			files = (
			);
			inputPaths = (
			);
			name = "[CP] Check Pods Manifest.lock";
			outputPaths = (
			);
			runOnlyForDeploymentPostprocessing = 0;
			shellPath = /bin/sh;
			shellScript = "diff \"${PODS_ROOT}/../Podfile.lock\" \"${PODS_ROOT}/Manifest.lock\" > /dev/null\nif [[ $? != 0 ]] ; then\n    cat << EOM\nerror: The sandbox is not in sync with the Podfile.lock. Run 'pod install' or update your CocoaPods installation.\nEOM\n    exit 1\nfi\n";
			showEnvVarsInLog = 0;
		};
		B975061B70AAA1C75FB6B257 /* [CP] Copy Pods Resources */ = {
			isa = PBXShellScriptBuildPhase;
			buildActionMask = 2147483647;
			files = (
			);
			inputPaths = (
			);
			name = "[CP] Copy Pods Resources";
			outputPaths = (
			);
			runOnlyForDeploymentPostprocessing = 0;
			shellPath = /bin/sh;
			shellScript = "\"${SRCROOT}/Pods/Target Support Files/Pods-SaleManager/Pods-SaleManager-resources.sh\"\n";
			showEnvVarsInLog = 0;
		};
/* End PBXShellScriptBuildPhase section */

/* Begin PBXSourcesBuildPhase section */
		18C202B21DD3081A00C0117C /* Sources */ = {
			isa = PBXSourcesBuildPhase;
			buildActionMask = 2147483647;
			files = (
				18C203401DD30EA900C0117C /* SAMMainTabBarController.swift in Sources */,
				18BA152B1DFB8093003D524C /* SAMOrderMishuCell.swift in Sources */,
				1854292C1DF6517D005BDAA6 /* SAMSalesHistoryController.swift in Sources */,
				187EA27C1DE5477F004523A4 /* SAMStockCategory.swift in Sources */,
				187EA2881DE5AF41004523A4 /* SAMStockCodeSearchCell.swift in Sources */,
				187618D91DF065B1000DF4A1 /* SAMProductImageController.swift in Sources */,
				184570D41DE87E1F00F8AAB0 /* SAMStockProductDetailCell.swift in Sources */,
				18A63B2E1DE7D5BF00869ABB /* SAMStockProductCell.swift in Sources */,
				18ABA9561DDB4EE100B503F0 /* SAMUserAuth.swift in Sources */,
				18F50F0F1DD5A94F00CEA8C9 /* SAMLoginController.swift in Sources */,
				1808BD6A1DE1414200D79718 /* LXMProCityList.swift in Sources */,
				185D10101DDD4EC300556D17 /* SAMHUD.swift in Sources */,
				185429521DF906A8005BDAA6 /* SAMOrderDetailSmallCell.swift in Sources */,
				18C203481DD30FEC00C0117C /* LXMCodeViewController.swift in Sources */,
				185429561DF90722005BDAA6 /* SAMOrderDetailBigCell.swift in Sources */,
				18C2034C1DD3100900C0117C /* SAMCustomerViewController.swift in Sources */,
				184570D11DE80D3E00F8AAB0 /* SAMStockProductModel.swift in Sources */,
				18BA152E1DFBA1A7003D524C /* SAMStockAddShoppingCarView.swift in Sources */,
				18F4530D1DDF43E100574FCB /* SAMStringExtension.swift in Sources */,
				180F9B261E00DCFB004FCBEA /* SAMShoppingCarListCell.swift in Sources */,
				18FA537E1E013D8F00952F76 /* SAMShoppingCarListModel.swift in Sources */,
				18C202BA1DD3081A00C0117C /* AppDelegate.swift in Sources */,
				1849464B1DDE8D6700C2E9E8 /* SAMCustomerAddController.swift in Sources */,
				18C2034E1DD3143700C0117C /* SAMBaseNavigationController.swift in Sources */,
				187EA2791DE53295004523A4 /* SAMStockConditionalSearchController.swift in Sources */,
				18EC9B411DDC026F00E78C7E /* SAMCustomerModel.swift in Sources */,
				18C2034A1DD30FF800C0117C /* SAMShoppingCarController.swift in Sources */,
				18EC9B441DDC06C900E78C7E /* SAMCustomerCollectionCell.swift in Sources */,
				185429371DF78F8E005BDAA6 /* SAMSaleOrderInfoModel.swift in Sources */,
				18C203521DD32FCE00C0117C /* SAMHomeButton.swift in Sources */,
				18C203501DD322EF00C0117C /* SAMConstant.swift in Sources */,
				18C203431DD30FB400C0117C /* SAMHomeViewController.swift in Sources */,
				18D30D901DDEA01400C1DC67 /* SAMPresentingAnimator.swift in Sources */,
				185429321DF6D20B005BDAA6 /* SAMSaleInfoCell.swift in Sources */,
				18C203461DD30FDB00C0117C /* SAMStockViewController.swift in Sources */,
				18F50F121DD698FF00CEA8C9 /* SAMLoginTextField.swift in Sources */,
				187EA27E1DE54794004523A4 /* SAMStockStorehouse.swift in Sources */,
				187618DB1DF3CEB2000DF4A1 /* SAMProductImageOpetationView.swift in Sources */,
				18BA15231DFAAFC4003D524C /* SAMOrderDetailListCell.swift in Sources */,
				18D30D9E1DDED07000C1DC67 /* SAMDismissingAnimator.swift in Sources */,
				18B089D31DD7EC9900CDF36D /* SAMNetWorker.swift in Sources */,
				18CDA8B31DEC041400DB4F69 /* SAMStockProductInfoController.swift in Sources */,
				187EA28B1DE5BFEC004523A4 /* SAMStockCodeModel.swift in Sources */,
				18BA151D1DFA8E2E003D524C /* SAMOrderDetailController.swift in Sources */,
				185429391DF8122B005BDAA6 /* SAMSaleOrderDetailModel.swift in Sources */,
				18BA15201DFAAA7C003D524C /* SAMSaleOrderDetailListModel.swift in Sources */,
				1854292F1DF69DBF005BDAA6 /* NSDate+Extension.swift in Sources */,
			);
			runOnlyForDeploymentPostprocessing = 0;
		};
		18C202C61DD3081A00C0117C /* Sources */ = {
			isa = PBXSourcesBuildPhase;
			buildActionMask = 2147483647;
			files = (
				18C202CF1DD3081A00C0117C /* SaleManagerTests.swift in Sources */,
			);
			runOnlyForDeploymentPostprocessing = 0;
		};
		18C202D11DD3081A00C0117C /* Sources */ = {
			isa = PBXSourcesBuildPhase;
			buildActionMask = 2147483647;
			files = (
				18C202DA1DD3081A00C0117C /* SaleManagerUITests.swift in Sources */,
			);
			runOnlyForDeploymentPostprocessing = 0;
		};
/* End PBXSourcesBuildPhase section */

/* Begin PBXTargetDependency section */
		18C202CC1DD3081A00C0117C /* PBXTargetDependency */ = {
			isa = PBXTargetDependency;
			target = 18C202B51DD3081A00C0117C /* SaleManager */;
			targetProxy = 18C202CB1DD3081A00C0117C /* PBXContainerItemProxy */;
		};
		18C202D71DD3081A00C0117C /* PBXTargetDependency */ = {
			isa = PBXTargetDependency;
			target = 18C202B51DD3081A00C0117C /* SaleManager */;
			targetProxy = 18C202D61DD3081A00C0117C /* PBXContainerItemProxy */;
		};
/* End PBXTargetDependency section */

/* Begin PBXVariantGroup section */
		18C202C21DD3081A00C0117C /* LaunchScreen.storyboard */ = {
			isa = PBXVariantGroup;
			children = (
				18C202C31DD3081A00C0117C /* Base */,
			);
			name = LaunchScreen.storyboard;
			sourceTree = "<group>";
		};
/* End PBXVariantGroup section */

/* Begin XCBuildConfiguration section */
		18C202DC1DD3081A00C0117C /* Debug */ = {
			isa = XCBuildConfiguration;
			buildSettings = {
				ALWAYS_SEARCH_USER_PATHS = NO;
				CLANG_ANALYZER_NONNULL = YES;
				CLANG_CXX_LANGUAGE_STANDARD = "gnu++0x";
				CLANG_CXX_LIBRARY = "libc++";
				CLANG_ENABLE_MODULES = YES;
				CLANG_ENABLE_OBJC_ARC = YES;
				CLANG_WARN_BOOL_CONVERSION = YES;
				CLANG_WARN_CONSTANT_CONVERSION = YES;
				CLANG_WARN_DIRECT_OBJC_ISA_USAGE = YES_ERROR;
				CLANG_WARN_DOCUMENTATION_COMMENTS = YES;
				CLANG_WARN_EMPTY_BODY = YES;
				CLANG_WARN_ENUM_CONVERSION = YES;
				CLANG_WARN_INFINITE_RECURSION = YES;
				CLANG_WARN_INT_CONVERSION = YES;
				CLANG_WARN_OBJC_ROOT_CLASS = YES_ERROR;
				CLANG_WARN_SUSPICIOUS_MOVE = YES;
				CLANG_WARN_SUSPICIOUS_MOVES = YES;
				CLANG_WARN_UNREACHABLE_CODE = YES;
				CLANG_WARN__DUPLICATE_METHOD_MATCH = YES;
				"CODE_SIGN_IDENTITY[sdk=iphoneos*]" = "iPhone Developer";
				COPY_PHASE_STRIP = NO;
				DEBUG_INFORMATION_FORMAT = dwarf;
				ENABLE_STRICT_OBJC_MSGSEND = YES;
				ENABLE_TESTABILITY = YES;
				GCC_C_LANGUAGE_STANDARD = gnu99;
				GCC_DYNAMIC_NO_PIC = NO;
				GCC_NO_COMMON_BLOCKS = YES;
				GCC_OPTIMIZATION_LEVEL = 0;
				GCC_PREPROCESSOR_DEFINITIONS = (
					"DEBUG=1",
					"$(inherited)",
				);
				GCC_WARN_64_TO_32_BIT_CONVERSION = YES;
				GCC_WARN_ABOUT_RETURN_TYPE = YES_ERROR;
				GCC_WARN_UNDECLARED_SELECTOR = YES;
				GCC_WARN_UNINITIALIZED_AUTOS = YES_AGGRESSIVE;
				GCC_WARN_UNUSED_FUNCTION = YES;
				GCC_WARN_UNUSED_VARIABLE = YES;
				IPHONEOS_DEPLOYMENT_TARGET = 8.0;
				MTL_ENABLE_DEBUG_INFO = YES;
				ONLY_ACTIVE_ARCH = YES;
				SDKROOT = iphoneos;
				SWIFT_ACTIVE_COMPILATION_CONDITIONS = DEBUG;
				SWIFT_OPTIMIZATION_LEVEL = "-Onone";
			};
			name = Debug;
		};
		18C202DD1DD3081A00C0117C /* Release */ = {
			isa = XCBuildConfiguration;
			buildSettings = {
				ALWAYS_SEARCH_USER_PATHS = NO;
				CLANG_ANALYZER_NONNULL = YES;
				CLANG_CXX_LANGUAGE_STANDARD = "gnu++0x";
				CLANG_CXX_LIBRARY = "libc++";
				CLANG_ENABLE_MODULES = YES;
				CLANG_ENABLE_OBJC_ARC = YES;
				CLANG_WARN_BOOL_CONVERSION = YES;
				CLANG_WARN_CONSTANT_CONVERSION = YES;
				CLANG_WARN_DIRECT_OBJC_ISA_USAGE = YES_ERROR;
				CLANG_WARN_DOCUMENTATION_COMMENTS = YES;
				CLANG_WARN_EMPTY_BODY = YES;
				CLANG_WARN_ENUM_CONVERSION = YES;
				CLANG_WARN_INFINITE_RECURSION = YES;
				CLANG_WARN_INT_CONVERSION = YES;
				CLANG_WARN_OBJC_ROOT_CLASS = YES_ERROR;
				CLANG_WARN_SUSPICIOUS_MOVE = YES;
				CLANG_WARN_SUSPICIOUS_MOVES = YES;
				CLANG_WARN_UNREACHABLE_CODE = YES;
				CLANG_WARN__DUPLICATE_METHOD_MATCH = YES;
				"CODE_SIGN_IDENTITY[sdk=iphoneos*]" = "iPhone Developer";
				COPY_PHASE_STRIP = NO;
				DEBUG_INFORMATION_FORMAT = "dwarf-with-dsym";
				ENABLE_NS_ASSERTIONS = NO;
				ENABLE_STRICT_OBJC_MSGSEND = YES;
				GCC_C_LANGUAGE_STANDARD = gnu99;
				GCC_NO_COMMON_BLOCKS = YES;
				GCC_WARN_64_TO_32_BIT_CONVERSION = YES;
				GCC_WARN_ABOUT_RETURN_TYPE = YES_ERROR;
				GCC_WARN_UNDECLARED_SELECTOR = YES;
				GCC_WARN_UNINITIALIZED_AUTOS = YES_AGGRESSIVE;
				GCC_WARN_UNUSED_FUNCTION = YES;
				GCC_WARN_UNUSED_VARIABLE = YES;
				IPHONEOS_DEPLOYMENT_TARGET = 8.0;
				MTL_ENABLE_DEBUG_INFO = NO;
				SDKROOT = iphoneos;
				SWIFT_OPTIMIZATION_LEVEL = "-Owholemodule";
				VALIDATE_PRODUCT = YES;
			};
			name = Release;
		};
		18C202DF1DD3081A00C0117C /* Debug */ = {
			isa = XCBuildConfiguration;
			baseConfigurationReference = FA19BEFDEDE3927824F5E8B3 /* Pods-SaleManager.debug.xcconfig */;
			buildSettings = {
				ASSETCATALOG_COMPILER_APPICON_NAME = AppIcon;
				CLANG_ENABLE_MODULES = YES;
				CODE_SIGN_IDENTITY = "iPhone Developer";
				DEVELOPMENT_TEAM = 76TFFZ7NKE;
				INFOPLIST_FILE = SaleManager/Info.plist;
				IPHONEOS_DEPLOYMENT_TARGET = 8.0;
				LD_RUNPATH_SEARCH_PATHS = "$(inherited) @executable_path/Frameworks";
				PRODUCT_BUNDLE_IDENTIFIER = com.YaZhouHong.SaleManagerTemp;
				PRODUCT_NAME = "$(TARGET_NAME)";
				SWIFT_OBJC_BRIDGING_HEADER = "";
				SWIFT_OPTIMIZATION_LEVEL = "-Onone";
				SWIFT_VERSION = 2.3;
			};
			name = Debug;
		};
		18C202E01DD3081A00C0117C /* Release */ = {
			isa = XCBuildConfiguration;
			baseConfigurationReference = C654EF8124BE0CC8B012C687 /* Pods-SaleManager.release.xcconfig */;
			buildSettings = {
				ASSETCATALOG_COMPILER_APPICON_NAME = AppIcon;
				CLANG_ENABLE_MODULES = YES;
				CODE_SIGN_IDENTITY = "iPhone Developer";
				DEVELOPMENT_TEAM = 76TFFZ7NKE;
				INFOPLIST_FILE = SaleManager/Info.plist;
				IPHONEOS_DEPLOYMENT_TARGET = 8.0;
				LD_RUNPATH_SEARCH_PATHS = "$(inherited) @executable_path/Frameworks";
				PRODUCT_BUNDLE_IDENTIFIER = com.YaZhouHong.SaleManagerTemp;
				PRODUCT_NAME = "$(TARGET_NAME)";
				SWIFT_OBJC_BRIDGING_HEADER = "";
				SWIFT_VERSION = 2.3;
			};
			name = Release;
		};
		18C202E21DD3081A00C0117C /* Debug */ = {
			isa = XCBuildConfiguration;
			buildSettings = {
				ALWAYS_EMBED_SWIFT_STANDARD_LIBRARIES = YES;
				BUNDLE_LOADER = "$(TEST_HOST)";
				DEVELOPMENT_TEAM = GPQ66V2HR2;
				INFOPLIST_FILE = SaleManagerTests/Info.plist;
				LD_RUNPATH_SEARCH_PATHS = "$(inherited) @executable_path/Frameworks @loader_path/Frameworks";
				PRODUCT_BUNDLE_IDENTIFIER = com.YaZhouHong.SaleManagerTests;
				PRODUCT_NAME = "$(TARGET_NAME)";
				SWIFT_VERSION = 3.0;
				TEST_HOST = "$(BUILT_PRODUCTS_DIR)/SaleManager.app/SaleManager";
			};
			name = Debug;
		};
		18C202E31DD3081A00C0117C /* Release */ = {
			isa = XCBuildConfiguration;
			buildSettings = {
				ALWAYS_EMBED_SWIFT_STANDARD_LIBRARIES = YES;
				BUNDLE_LOADER = "$(TEST_HOST)";
				DEVELOPMENT_TEAM = GPQ66V2HR2;
				INFOPLIST_FILE = SaleManagerTests/Info.plist;
				LD_RUNPATH_SEARCH_PATHS = "$(inherited) @executable_path/Frameworks @loader_path/Frameworks";
				PRODUCT_BUNDLE_IDENTIFIER = com.YaZhouHong.SaleManagerTests;
				PRODUCT_NAME = "$(TARGET_NAME)";
				SWIFT_VERSION = 3.0;
				TEST_HOST = "$(BUILT_PRODUCTS_DIR)/SaleManager.app/SaleManager";
			};
			name = Release;
		};
		18C202E51DD3081A00C0117C /* Debug */ = {
			isa = XCBuildConfiguration;
			buildSettings = {
				ALWAYS_EMBED_SWIFT_STANDARD_LIBRARIES = YES;
				DEVELOPMENT_TEAM = GPQ66V2HR2;
				INFOPLIST_FILE = SaleManagerUITests/Info.plist;
				LD_RUNPATH_SEARCH_PATHS = "$(inherited) @executable_path/Frameworks @loader_path/Frameworks";
				PRODUCT_BUNDLE_IDENTIFIER = com.YaZhouHong.SaleManagerUITests;
				PRODUCT_NAME = "$(TARGET_NAME)";
				SWIFT_VERSION = 3.0;
				TEST_TARGET_NAME = SaleManager;
			};
			name = Debug;
		};
		18C202E61DD3081A00C0117C /* Release */ = {
			isa = XCBuildConfiguration;
			buildSettings = {
				ALWAYS_EMBED_SWIFT_STANDARD_LIBRARIES = YES;
				DEVELOPMENT_TEAM = GPQ66V2HR2;
				INFOPLIST_FILE = SaleManagerUITests/Info.plist;
				LD_RUNPATH_SEARCH_PATHS = "$(inherited) @executable_path/Frameworks @loader_path/Frameworks";
				PRODUCT_BUNDLE_IDENTIFIER = com.YaZhouHong.SaleManagerUITests;
				PRODUCT_NAME = "$(TARGET_NAME)";
				SWIFT_VERSION = 3.0;
				TEST_TARGET_NAME = SaleManager;
			};
			name = Release;
		};
/* End XCBuildConfiguration section */

/* Begin XCConfigurationList section */
		18C202B11DD3081A00C0117C /* Build configuration list for PBXProject "SaleManager" */ = {
			isa = XCConfigurationList;
			buildConfigurations = (
				18C202DC1DD3081A00C0117C /* Debug */,
				18C202DD1DD3081A00C0117C /* Release */,
			);
			defaultConfigurationIsVisible = 0;
			defaultConfigurationName = Release;
		};
		18C202DE1DD3081A00C0117C /* Build configuration list for PBXNativeTarget "SaleManager" */ = {
			isa = XCConfigurationList;
			buildConfigurations = (
				18C202DF1DD3081A00C0117C /* Debug */,
				18C202E01DD3081A00C0117C /* Release */,
			);
			defaultConfigurationIsVisible = 0;
			defaultConfigurationName = Release;
		};
		18C202E11DD3081A00C0117C /* Build configuration list for PBXNativeTarget "SaleManagerTests" */ = {
			isa = XCConfigurationList;
			buildConfigurations = (
				18C202E21DD3081A00C0117C /* Debug */,
				18C202E31DD3081A00C0117C /* Release */,
			);
			defaultConfigurationIsVisible = 0;
			defaultConfigurationName = Release;
		};
		18C202E41DD3081A00C0117C /* Build configuration list for PBXNativeTarget "SaleManagerUITests" */ = {
			isa = XCConfigurationList;
			buildConfigurations = (
				18C202E51DD3081A00C0117C /* Debug */,
				18C202E61DD3081A00C0117C /* Release */,
			);
			defaultConfigurationIsVisible = 0;
			defaultConfigurationName = Release;
		};
/* End XCConfigurationList section */
	};
	rootObject = 18C202AE1DD3081A00C0117C /* Project object */;
}
