// !$*UTF8*$!
{
	archiveVersion = 1;
	classes = {
	};
	objectVersion = 46;
	objects = {

/* Begin PBXBuildFile section */
		18ABA9561DDB4EE100B503F0 /* SAMUserAuth.swift in Sources */ = {isa = PBXBuildFile; fileRef = 18ABA9551DDB4EE100B503F0 /* SAMUserAuth.swift */; };
		18B089D31DD7EC9900CDF36D /* SAMNetWorker.swift in Sources */ = {isa = PBXBuildFile; fileRef = 18B089D21DD7EC9900CDF36D /* SAMNetWorker.swift */; };
		18B7F1EF1DD550B200993C35 /* SAMProductInfo.swift in Sources */ = {isa = PBXBuildFile; fileRef = 18B7F1EE1DD550B200993C35 /* SAMProductInfo.swift */; };
		18B7F1F31DD5680100993C35 /* SAMStockProductCellDiv.swift in Sources */ = {isa = PBXBuildFile; fileRef = 18B7F1F21DD5680100993C35 /* SAMStockProductCellDiv.swift */; };
		18C202BA1DD3081A00C0117C /* AppDelegate.swift in Sources */ = {isa = PBXBuildFile; fileRef = 18C202B91DD3081A00C0117C /* AppDelegate.swift */; };
		18C202C11DD3081A00C0117C /* Assets.xcassets in Resources */ = {isa = PBXBuildFile; fileRef = 18C202C01DD3081A00C0117C /* Assets.xcassets */; };
		18C202C41DD3081A00C0117C /* LaunchScreen.storyboard in Resources */ = {isa = PBXBuildFile; fileRef = 18C202C21DD3081A00C0117C /* LaunchScreen.storyboard */; };
		18C202CF1DD3081A00C0117C /* SaleManagerTests.swift in Sources */ = {isa = PBXBuildFile; fileRef = 18C202CE1DD3081A00C0117C /* SaleManagerTests.swift */; };
		18C202DA1DD3081A00C0117C /* SaleManagerUITests.swift in Sources */ = {isa = PBXBuildFile; fileRef = 18C202D91DD3081A00C0117C /* SaleManagerUITests.swift */; };
		18C203401DD30EA900C0117C /* SAMMainTabBarController.swift in Sources */ = {isa = PBXBuildFile; fileRef = 18C2033F1DD30EA900C0117C /* SAMMainTabBarController.swift */; };
		18C203431DD30FB400C0117C /* SAMHomeViewController.swift in Sources */ = {isa = PBXBuildFile; fileRef = 18C203411DD30FB400C0117C /* SAMHomeViewController.swift */; };
		18C203461DD30FDB00C0117C /* SAMStockViewController.swift in Sources */ = {isa = PBXBuildFile; fileRef = 18C203451DD30FDB00C0117C /* SAMStockViewController.swift */; };
		18C203481DD30FEC00C0117C /* SAMCodeViewController.swift in Sources */ = {isa = PBXBuildFile; fileRef = 18C203471DD30FEC00C0117C /* SAMCodeViewController.swift */; };
		18C2034A1DD30FF800C0117C /* SAMCarViewController.swift in Sources */ = {isa = PBXBuildFile; fileRef = 18C203491DD30FF800C0117C /* SAMCarViewController.swift */; };
		18C2034C1DD3100900C0117C /* SAMCustomerViewController.swift in Sources */ = {isa = PBXBuildFile; fileRef = 18C2034B1DD3100900C0117C /* SAMCustomerViewController.swift */; };
		18C2034E1DD3143700C0117C /* SAMBaseNavigationController.swift in Sources */ = {isa = PBXBuildFile; fileRef = 18C2034D1DD3143700C0117C /* SAMBaseNavigationController.swift */; };
		18C203501DD322EF00C0117C /* SAMConstant.swift in Sources */ = {isa = PBXBuildFile; fileRef = 18C2034F1DD322EF00C0117C /* SAMConstant.swift */; };
		18C203521DD32FCE00C0117C /* SAMHomeButton.swift in Sources */ = {isa = PBXBuildFile; fileRef = 18C203511DD32FCE00C0117C /* SAMHomeButton.swift */; };
		18C203541DD477D800C0117C /* SAMStockViewController.xib in Resources */ = {isa = PBXBuildFile; fileRef = 18C203531DD477D800C0117C /* SAMStockViewController.xib */; };
		18C203941DD4C8F600C0117C /* SAMStockProductCell.swift in Sources */ = {isa = PBXBuildFile; fileRef = 18C203931DD4C8F600C0117C /* SAMStockProductCell.swift */; };
		18C203981DD4CAC400C0117C /* SAMStockProductCellDiv.xib in Resources */ = {isa = PBXBuildFile; fileRef = 18C203971DD4CAC400C0117C /* SAMStockProductCellDiv.xib */; };
		18F50F0F1DD5A94F00CEA8C9 /* SAMLoginController.swift in Sources */ = {isa = PBXBuildFile; fileRef = 18F50F0D1DD5A94F00CEA8C9 /* SAMLoginController.swift */; };
		18F50F101DD5A94F00CEA8C9 /* SAMLoginController.xib in Resources */ = {isa = PBXBuildFile; fileRef = 18F50F0E1DD5A94F00CEA8C9 /* SAMLoginController.xib */; };
		18F50F121DD698FF00CEA8C9 /* SAMLoginTextField.swift in Sources */ = {isa = PBXBuildFile; fileRef = 18F50F111DD698FF00CEA8C9 /* SAMLoginTextField.swift */; };
		535A88B0197280CACB8BA322 /* Pods_SaleManager.framework in Frameworks */ = {isa = PBXBuildFile; fileRef = 8086D1F1C8470C338633799F /* Pods_SaleManager.framework */; };
/* End PBXBuildFile section */

/* Begin PBXContainerItemProxy section */
		18C202CB1DD3081A00C0117C /* PBXContainerItemProxy */ = {
			isa = PBXContainerItemProxy;
			containerPortal = 18C202AE1DD3081A00C0117C /* Project object */;
			proxyType = 1;
			remoteGlobalIDString = 18C202B51DD3081A00C0117C;
			remoteInfo = SaleManager;
		};
		18C202D61DD3081A00C0117C /* PBXContainerItemProxy */ = {
			isa = PBXContainerItemProxy;
			containerPortal = 18C202AE1DD3081A00C0117C /* Project object */;
			proxyType = 1;
			remoteGlobalIDString = 18C202B51DD3081A00C0117C;
			remoteInfo = SaleManager;
		};
/* End PBXContainerItemProxy section */

/* Begin PBXFileReference section */
		18ABA9551DDB4EE100B503F0 /* SAMUserAuth.swift */ = {isa = PBXFileReference; fileEncoding = 4; lastKnownFileType = sourcecode.swift; path = SAMUserAuth.swift; sourceTree = "<group>"; };
		18B089D21DD7EC9900CDF36D /* SAMNetWorker.swift */ = {isa = PBXFileReference; fileEncoding = 4; lastKnownFileType = sourcecode.swift; path = SAMNetWorker.swift; sourceTree = "<group>"; };
		18B7F1EE1DD550B200993C35 /* SAMProductInfo.swift */ = {isa = PBXFileReference; fileEncoding = 4; lastKnownFileType = sourcecode.swift; path = SAMProductInfo.swift; sourceTree = "<group>"; };
		18B7F1F21DD5680100993C35 /* SAMStockProductCellDiv.swift */ = {isa = PBXFileReference; fileEncoding = 4; lastKnownFileType = sourcecode.swift; path = SAMStockProductCellDiv.swift; sourceTree = "<group>"; };
		18C202B61DD3081A00C0117C /* SaleManager.app */ = {isa = PBXFileReference; explicitFileType = wrapper.application; includeInIndex = 0; path = SaleManager.app; sourceTree = BUILT_PRODUCTS_DIR; };
		18C202B91DD3081A00C0117C /* AppDelegate.swift */ = {isa = PBXFileReference; lastKnownFileType = sourcecode.swift; path = AppDelegate.swift; sourceTree = "<group>"; };
		18C202C01DD3081A00C0117C /* Assets.xcassets */ = {isa = PBXFileReference; lastKnownFileType = folder.assetcatalog; path = Assets.xcassets; sourceTree = "<group>"; };
		18C202C31DD3081A00C0117C /* Base */ = {isa = PBXFileReference; lastKnownFileType = file.storyboard; name = Base; path = Base.lproj/LaunchScreen.storyboard; sourceTree = "<group>"; };
		18C202C51DD3081A00C0117C /* Info.plist */ = {isa = PBXFileReference; lastKnownFileType = text.plist.xml; path = Info.plist; sourceTree = "<group>"; };
		18C202CA1DD3081A00C0117C /* SaleManagerTests.xctest */ = {isa = PBXFileReference; explicitFileType = wrapper.cfbundle; includeInIndex = 0; path = SaleManagerTests.xctest; sourceTree = BUILT_PRODUCTS_DIR; };
		18C202CE1DD3081A00C0117C /* SaleManagerTests.swift */ = {isa = PBXFileReference; lastKnownFileType = sourcecode.swift; path = SaleManagerTests.swift; sourceTree = "<group>"; };
		18C202D01DD3081A00C0117C /* Info.plist */ = {isa = PBXFileReference; lastKnownFileType = text.plist.xml; path = Info.plist; sourceTree = "<group>"; };
		18C202D51DD3081A00C0117C /* SaleManagerUITests.xctest */ = {isa = PBXFileReference; explicitFileType = wrapper.cfbundle; includeInIndex = 0; path = SaleManagerUITests.xctest; sourceTree = BUILT_PRODUCTS_DIR; };
		18C202D91DD3081A00C0117C /* SaleManagerUITests.swift */ = {isa = PBXFileReference; lastKnownFileType = sourcecode.swift; path = SaleManagerUITests.swift; sourceTree = "<group>"; };
		18C202DB1DD3081A00C0117C /* Info.plist */ = {isa = PBXFileReference; lastKnownFileType = text.plist.xml; path = Info.plist; sourceTree = "<group>"; };
		18C2033F1DD30EA900C0117C /* SAMMainTabBarController.swift */ = {isa = PBXFileReference; fileEncoding = 4; lastKnownFileType = sourcecode.swift; path = SAMMainTabBarController.swift; sourceTree = "<group>"; };
		18C203411DD30FB400C0117C /* SAMHomeViewController.swift */ = {isa = PBXFileReference; fileEncoding = 4; lastKnownFileType = sourcecode.swift; path = SAMHomeViewController.swift; sourceTree = "<group>"; };
		18C203451DD30FDB00C0117C /* SAMStockViewController.swift */ = {isa = PBXFileReference; fileEncoding = 4; lastKnownFileType = sourcecode.swift; path = SAMStockViewController.swift; sourceTree = "<group>"; };
		18C203471DD30FEC00C0117C /* SAMCodeViewController.swift */ = {isa = PBXFileReference; fileEncoding = 4; lastKnownFileType = sourcecode.swift; path = SAMCodeViewController.swift; sourceTree = "<group>"; };
		18C203491DD30FF800C0117C /* SAMCarViewController.swift */ = {isa = PBXFileReference; fileEncoding = 4; lastKnownFileType = sourcecode.swift; path = SAMCarViewController.swift; sourceTree = "<group>"; };
		18C2034B1DD3100900C0117C /* SAMCustomerViewController.swift */ = {isa = PBXFileReference; fileEncoding = 4; lastKnownFileType = sourcecode.swift; path = SAMCustomerViewController.swift; sourceTree = "<group>"; };
		18C2034D1DD3143700C0117C /* SAMBaseNavigationController.swift */ = {isa = PBXFileReference; fileEncoding = 4; lastKnownFileType = sourcecode.swift; path = SAMBaseNavigationController.swift; sourceTree = "<group>"; };
		18C2034F1DD322EF00C0117C /* SAMConstant.swift */ = {isa = PBXFileReference; fileEncoding = 4; lastKnownFileType = sourcecode.swift; path = SAMConstant.swift; sourceTree = "<group>"; };
		18C203511DD32FCE00C0117C /* SAMHomeButton.swift */ = {isa = PBXFileReference; fileEncoding = 4; lastKnownFileType = sourcecode.swift; path = SAMHomeButton.swift; sourceTree = "<group>"; };
		18C203531DD477D800C0117C /* SAMStockViewController.xib */ = {isa = PBXFileReference; fileEncoding = 4; lastKnownFileType = file.xib; path = SAMStockViewController.xib; sourceTree = "<group>"; };
		18C203931DD4C8F600C0117C /* SAMStockProductCell.swift */ = {isa = PBXFileReference; fileEncoding = 4; lastKnownFileType = sourcecode.swift; path = SAMStockProductCell.swift; sourceTree = "<group>"; };
		18C203971DD4CAC400C0117C /* SAMStockProductCellDiv.xib */ = {isa = PBXFileReference; fileEncoding = 4; lastKnownFileType = file.xib; path = SAMStockProductCellDiv.xib; sourceTree = "<group>"; };
		18F50F0D1DD5A94F00CEA8C9 /* SAMLoginController.swift */ = {isa = PBXFileReference; fileEncoding = 4; lastKnownFileType = sourcecode.swift; path = SAMLoginController.swift; sourceTree = "<group>"; };
		18F50F0E1DD5A94F00CEA8C9 /* SAMLoginController.xib */ = {isa = PBXFileReference; fileEncoding = 4; lastKnownFileType = file.xib; path = SAMLoginController.xib; sourceTree = "<group>"; };
		18F50F111DD698FF00CEA8C9 /* SAMLoginTextField.swift */ = {isa = PBXFileReference; fileEncoding = 4; lastKnownFileType = sourcecode.swift; path = SAMLoginTextField.swift; sourceTree = "<group>"; };
		8086D1F1C8470C338633799F /* Pods_SaleManager.framework */ = {isa = PBXFileReference; explicitFileType = wrapper.framework; includeInIndex = 0; path = Pods_SaleManager.framework; sourceTree = BUILT_PRODUCTS_DIR; };
		C654EF8124BE0CC8B012C687 /* Pods-SaleManager.release.xcconfig */ = {isa = PBXFileReference; includeInIndex = 1; lastKnownFileType = text.xcconfig; name = "Pods-SaleManager.release.xcconfig"; path = "Pods/Target Support Files/Pods-SaleManager/Pods-SaleManager.release.xcconfig"; sourceTree = "<group>"; };
		FA19BEFDEDE3927824F5E8B3 /* Pods-SaleManager.debug.xcconfig */ = {isa = PBXFileReference; includeInIndex = 1; lastKnownFileType = text.xcconfig; name = "Pods-SaleManager.debug.xcconfig"; path = "Pods/Target Support Files/Pods-SaleManager/Pods-SaleManager.debug.xcconfig"; sourceTree = "<group>"; };
/* End PBXFileReference section */

/* Begin PBXFrameworksBuildPhase section */
		18C202B31DD3081A00C0117C /* Frameworks */ = {
			isa = PBXFrameworksBuildPhase;
			buildActionMask = 2147483647;
			files = (
				535A88B0197280CACB8BA322 /* Pods_SaleManager.framework in Frameworks */,
			);
			runOnlyForDeploymentPostprocessing = 0;
		};
		18C202C71DD3081A00C0117C /* Frameworks */ = {
			isa = PBXFrameworksBuildPhase;
			buildActionMask = 2147483647;
			files = (
			);
			runOnlyForDeploymentPostprocessing = 0;
		};
		18C202D21DD3081A00C0117C /* Frameworks */ = {
			isa = PBXFrameworksBuildPhase;
			buildActionMask = 2147483647;
			files = (
			);
			runOnlyForDeploymentPostprocessing = 0;
		};
/* End PBXFrameworksBuildPhase section */

/* Begin PBXGroup section */
		18C202AD1DD3081A00C0117C = {
			isa = PBXGroup;
			children = (
				18C202B81DD3081A00C0117C /* SaleManager */,
				18C202CD1DD3081A00C0117C /* SaleManagerTests */,
				18C202D81DD3081A00C0117C /* SaleManagerUITests */,
				18C202B71DD3081A00C0117C /* Products */,
				9969C18FEECE61EB80CB1998 /* Pods */,
				52E1A8A367A790BEE279E4A2 /* Frameworks */,
			);
			sourceTree = "<group>";
		};
		18C202B71DD3081A00C0117C /* Products */ = {
			isa = PBXGroup;
			children = (
				18C202B61DD3081A00C0117C /* SaleManager.app */,
				18C202CA1DD3081A00C0117C /* SaleManagerTests.xctest */,
				18C202D51DD3081A00C0117C /* SaleManagerUITests.xctest */,
			);
			name = Products;
			sourceTree = "<group>";
		};
		18C202B81DD3081A00C0117C /* SaleManager */ = {
			isa = PBXGroup;
			children = (
				18C202B91DD3081A00C0117C /* AppDelegate.swift */,
				18C202F71DD30ADE00C0117C /* Main */,
				18C202F31DD30ADE00C0117C /* Home */,
				18C202FC1DD30ADE00C0117C /* Stock */,
				18C202EB1DD30ADE00C0117C /* Code */,
				18C202E71DD30ADE00C0117C /* Car */,
				18C202EF1DD30ADE00C0117C /* Customer */,
				18C202FB1DD30ADE00C0117C /* Other */,
				18C203001DD30ADE00C0117C /* Tools */,
				18C202C01DD3081A00C0117C /* Assets.xcassets */,
				18C202C21DD3081A00C0117C /* LaunchScreen.storyboard */,
				18C202C51DD3081A00C0117C /* Info.plist */,
			);
			path = SaleManager;
			sourceTree = "<group>";
		};
		18C202CD1DD3081A00C0117C /* SaleManagerTests */ = {
			isa = PBXGroup;
			children = (
				18C202CE1DD3081A00C0117C /* SaleManagerTests.swift */,
				18C202D01DD3081A00C0117C /* Info.plist */,
			);
			path = SaleManagerTests;
			sourceTree = "<group>";
		};
		18C202D81DD3081A00C0117C /* SaleManagerUITests */ = {
			isa = PBXGroup;
			children = (
				18C202D91DD3081A00C0117C /* SaleManagerUITests.swift */,
				18C202DB1DD3081A00C0117C /* Info.plist */,
			);
			path = SaleManagerUITests;
			sourceTree = "<group>";
		};
		18C202E71DD30ADE00C0117C /* Car */ = {
			isa = PBXGroup;
			children = (
				18C202E81DD30ADE00C0117C /* Controller */,
				18C202E91DD30ADE00C0117C /* Model */,
				18C202EA1DD30ADE00C0117C /* View */,
			);
			path = Car;
			sourceTree = "<group>";
		};
		18C202E81DD30ADE00C0117C /* Controller */ = {
			isa = PBXGroup;
			children = (
				18C203491DD30FF800C0117C /* SAMCarViewController.swift */,
			);
			path = Controller;
			sourceTree = "<group>";
		};
		18C202E91DD30ADE00C0117C /* Model */ = {
			isa = PBXGroup;
			children = (
			);
			path = Model;
			sourceTree = "<group>";
		};
		18C202EA1DD30ADE00C0117C /* View */ = {
			isa = PBXGroup;
			children = (
			);
			path = View;
			sourceTree = "<group>";
		};
		18C202EB1DD30ADE00C0117C /* Code */ = {
			isa = PBXGroup;
			children = (
				18C202EC1DD30ADE00C0117C /* Controller */,
				18C202ED1DD30ADE00C0117C /* Model */,
				18C202EE1DD30ADE00C0117C /* View */,
			);
			path = Code;
			sourceTree = "<group>";
		};
		18C202EC1DD30ADE00C0117C /* Controller */ = {
			isa = PBXGroup;
			children = (
				18C203471DD30FEC00C0117C /* SAMCodeViewController.swift */,
			);
			path = Controller;
			sourceTree = "<group>";
		};
		18C202ED1DD30ADE00C0117C /* Model */ = {
			isa = PBXGroup;
			children = (
			);
			path = Model;
			sourceTree = "<group>";
		};
		18C202EE1DD30ADE00C0117C /* View */ = {
			isa = PBXGroup;
			children = (
			);
			path = View;
			sourceTree = "<group>";
		};
		18C202EF1DD30ADE00C0117C /* Customer */ = {
			isa = PBXGroup;
			children = (
				18C202F01DD30ADE00C0117C /* Controller */,
				18C202F11DD30ADE00C0117C /* Model */,
				18C202F21DD30ADE00C0117C /* View */,
			);
			path = Customer;
			sourceTree = "<group>";
		};
		18C202F01DD30ADE00C0117C /* Controller */ = {
			isa = PBXGroup;
			children = (
				18C2034B1DD3100900C0117C /* SAMCustomerViewController.swift */,
			);
			path = Controller;
			sourceTree = "<group>";
		};
		18C202F11DD30ADE00C0117C /* Model */ = {
			isa = PBXGroup;
			children = (
			);
			path = Model;
			sourceTree = "<group>";
		};
		18C202F21DD30ADE00C0117C /* View */ = {
			isa = PBXGroup;
			children = (
			);
			path = View;
			sourceTree = "<group>";
		};
		18C202F31DD30ADE00C0117C /* Home */ = {
			isa = PBXGroup;
			children = (
				18C202F41DD30ADE00C0117C /* Controller */,
				18C202F51DD30ADE00C0117C /* Model */,
				18C202F61DD30ADE00C0117C /* View */,
			);
			path = Home;
			sourceTree = "<group>";
		};
		18C202F41DD30ADE00C0117C /* Controller */ = {
			isa = PBXGroup;
			children = (
				18C203411DD30FB400C0117C /* SAMHomeViewController.swift */,
			);
			path = Controller;
			sourceTree = "<group>";
		};
		18C202F51DD30ADE00C0117C /* Model */ = {
			isa = PBXGroup;
			children = (
			);
			path = Model;
			sourceTree = "<group>";
		};
		18C202F61DD30ADE00C0117C /* View */ = {
			isa = PBXGroup;
			children = (
				18C203511DD32FCE00C0117C /* SAMHomeButton.swift */,
			);
			path = View;
			sourceTree = "<group>";
		};
		18C202F71DD30ADE00C0117C /* Main */ = {
			isa = PBXGroup;
			children = (
				18C202F81DD30ADE00C0117C /* Controller */,
				18C202F91DD30ADE00C0117C /* Model */,
				18C202FA1DD30ADE00C0117C /* View */,
			);
			path = Main;
			sourceTree = "<group>";
		};
		18C202F81DD30ADE00C0117C /* Controller */ = {
			isa = PBXGroup;
			children = (
				18C2033F1DD30EA900C0117C /* SAMMainTabBarController.swift */,
				18C2034D1DD3143700C0117C /* SAMBaseNavigationController.swift */,
				18F50F0D1DD5A94F00CEA8C9 /* SAMLoginController.swift */,
				18F50F0E1DD5A94F00CEA8C9 /* SAMLoginController.xib */,
			);
			path = Controller;
			sourceTree = "<group>";
		};
		18C202F91DD30ADE00C0117C /* Model */ = {
			isa = PBXGroup;
			children = (
				18ABA9551DDB4EE100B503F0 /* SAMUserAuth.swift */,
			);
			path = Model;
			sourceTree = "<group>";
		};
		18C202FA1DD30ADE00C0117C /* View */ = {
			isa = PBXGroup;
			children = (
				18F50F111DD698FF00CEA8C9 /* SAMLoginTextField.swift */,
			);
			path = View;
			sourceTree = "<group>";
		};
		18C202FB1DD30ADE00C0117C /* Other */ = {
			isa = PBXGroup;
			children = (
				18C2034F1DD322EF00C0117C /* SAMConstant.swift */,
			);
			path = Other;
			sourceTree = "<group>";
		};
		18C202FC1DD30ADE00C0117C /* Stock */ = {
			isa = PBXGroup;
			children = (
				18C202FD1DD30ADE00C0117C /* Controller */,
				18C202FE1DD30ADE00C0117C /* Model */,
				18C202FF1DD30ADE00C0117C /* View */,
			);
			path = Stock;
			sourceTree = "<group>";
		};
		18C202FD1DD30ADE00C0117C /* Controller */ = {
			isa = PBXGroup;
			children = (
				18C203451DD30FDB00C0117C /* SAMStockViewController.swift */,
				18C203531DD477D800C0117C /* SAMStockViewController.xib */,
			);
			path = Controller;
			sourceTree = "<group>";
		};
		18C202FE1DD30ADE00C0117C /* Model */ = {
			isa = PBXGroup;
			children = (
				18B7F1EE1DD550B200993C35 /* SAMProductInfo.swift */,
			);
			path = Model;
			sourceTree = "<group>";
		};
		18C202FF1DD30ADE00C0117C /* View */ = {
			isa = PBXGroup;
			children = (
				18C203931DD4C8F600C0117C /* SAMStockProductCell.swift */,
				18B7F1F21DD5680100993C35 /* SAMStockProductCellDiv.swift */,
				18C203971DD4CAC400C0117C /* SAMStockProductCellDiv.xib */,
			);
			path = View;
			sourceTree = "<group>";
		};
		18C203001DD30ADE00C0117C /* Tools */ = {
			isa = PBXGroup;
			children = (
				18B089D21DD7EC9900CDF36D /* SAMNetWorker.swift */,
			);
			path = Tools;
			sourceTree = "<group>";
		};
		52E1A8A367A790BEE279E4A2 /* Frameworks */ = {
			isa = PBXGroup;
			children = (
				8086D1F1C8470C338633799F /* Pods_SaleManager.framework */,
			);
			name = Frameworks;
			sourceTree = "<group>";
		};
		9969C18FEECE61EB80CB1998 /* Pods */ = {
			isa = PBXGroup;
			children = (
				FA19BEFDEDE3927824F5E8B3 /* Pods-SaleManager.debug.xcconfig */,
				C654EF8124BE0CC8B012C687 /* Pods-SaleManager.release.xcconfig */,
			);
			name = Pods;
			sourceTree = "<group>";
		};
/* End PBXGroup section */

/* Begin PBXNativeTarget section */
		18C202B51DD3081A00C0117C /* SaleManager */ = {
			isa = PBXNativeTarget;
			buildConfigurationList = 18C202DE1DD3081A00C0117C /* Build configuration list for PBXNativeTarget "SaleManager" */;
			buildPhases = (
				28B526A6310A702A34B0148D /* [CP] Check Pods Manifest.lock */,
				18C202B21DD3081A00C0117C /* Sources */,
				18C202B31DD3081A00C0117C /* Frameworks */,
				18C202B41DD3081A00C0117C /* Resources */,
				18B089D11DD70D7D00CDF36D /* ShellScript */,
				101CCF01456BA518A09D8213 /* [CP] Embed Pods Frameworks */,
				B975061B70AAA1C75FB6B257 /* [CP] Copy Pods Resources */,
			);
			buildRules = (
			);
			dependencies = (
			);
			name = SaleManager;
			productName = SaleManager;
			productReference = 18C202B61DD3081A00C0117C /* SaleManager.app */;
			productType = "com.apple.product-type.application";
		};
		18C202C91DD3081A00C0117C /* SaleManagerTests */ = {
			isa = PBXNativeTarget;
			buildConfigurationList = 18C202E11DD3081A00C0117C /* Build configuration list for PBXNativeTarget "SaleManagerTests" */;
			buildPhases = (
				18C202C61DD3081A00C0117C /* Sources */,
				18C202C71DD3081A00C0117C /* Frameworks */,
				18C202C81DD3081A00C0117C /* Resources */,
			);
			buildRules = (
			);
			dependencies = (
				18C202CC1DD3081A00C0117C /* PBXTargetDependency */,
			);
			name = SaleManagerTests;
			productName = SaleManagerTests;
			productReference = 18C202CA1DD3081A00C0117C /* SaleManagerTests.xctest */;
			productType = "com.apple.product-type.bundle.unit-test";
		};
		18C202D41DD3081A00C0117C /* SaleManagerUITests */ = {
			isa = PBXNativeTarget;
			buildConfigurationList = 18C202E41DD3081A00C0117C /* Build configuration list for PBXNativeTarget "SaleManagerUITests" */;
			buildPhases = (
				18C202D11DD3081A00C0117C /* Sources */,
				18C202D21DD3081A00C0117C /* Frameworks */,
				18C202D31DD3081A00C0117C /* Resources */,
			);
			buildRules = (
			);
			dependencies = (
				18C202D71DD3081A00C0117C /* PBXTargetDependency */,
			);
			name = SaleManagerUITests;
			productName = SaleManagerUITests;
			productReference = 18C202D51DD3081A00C0117C /* SaleManagerUITests.xctest */;
			productType = "com.apple.product-type.bundle.ui-testing";
		};
/* End PBXNativeTarget section */

/* Begin PBXProject section */
		18C202AE1DD3081A00C0117C /* Project object */ = {
			isa = PBXProject;
			attributes = {
				CLASSPREFIX = SAM;
				LastSwiftUpdateCheck = 0810;
				LastUpgradeCheck = 0810;
				ORGANIZATIONNAME = YZH;
				TargetAttributes = {
					18C202B51DD3081A00C0117C = {
						CreatedOnToolsVersion = 8.1;
						DevelopmentTeam = GPQ66V2HR2;
						ProvisioningStyle = Automatic;
					};
					18C202C91DD3081A00C0117C = {
						CreatedOnToolsVersion = 8.1;
						DevelopmentTeam = GPQ66V2HR2;
						ProvisioningStyle = Automatic;
						TestTargetID = 18C202B51DD3081A00C0117C;
					};
					18C202D41DD3081A00C0117C = {
						CreatedOnToolsVersion = 8.1;
						DevelopmentTeam = GPQ66V2HR2;
						ProvisioningStyle = Automatic;
						TestTargetID = 18C202B51DD3081A00C0117C;
					};
				};
			};
			buildConfigurationList = 18C202B11DD3081A00C0117C /* Build configuration list for PBXProject "SaleManager" */;
			compatibilityVersion = "Xcode 3.2";
			developmentRegion = English;
			hasScannedForEncodings = 0;
			knownRegions = (
				en,
				Base,
			);
			mainGroup = 18C202AD1DD3081A00C0117C;
			productRefGroup = 18C202B71DD3081A00C0117C /* Products */;
			projectDirPath = "";
			projectRoot = "";
			targets = (
				18C202B51DD3081A00C0117C /* SaleManager */,
				18C202C91DD3081A00C0117C /* SaleManagerTests */,
				18C202D41DD3081A00C0117C /* SaleManagerUITests */,
			);
		};
/* End PBXProject section */

/* Begin PBXResourcesBuildPhase section */
		18C202B41DD3081A00C0117C /* Resources */ = {
			isa = PBXResourcesBuildPhase;
			buildActionMask = 2147483647;
			files = (
				18F50F101DD5A94F00CEA8C9 /* SAMLoginController.xib in Resources */,
				18C203981DD4CAC400C0117C /* SAMStockProductCellDiv.xib in Resources */,
				18C202C41DD3081A00C0117C /* LaunchScreen.storyboard in Resources */,
				18C202C11DD3081A00C0117C /* Assets.xcassets in Resources */,
				18C203541DD477D800C0117C /* SAMStockViewController.xib in Resources */,
			);
			runOnlyForDeploymentPostprocessing = 0;
		};
		18C202C81DD3081A00C0117C /* Resources */ = {
			isa = PBXResourcesBuildPhase;
			buildActionMask = 2147483647;
			files = (
			);
			runOnlyForDeploymentPostprocessing = 0;
		};
		18C202D31DD3081A00C0117C /* Resources */ = {
			isa = PBXResourcesBuildPhase;
			buildActionMask = 2147483647;
			files = (
			);
			runOnlyForDeploymentPostprocessing = 0;
		};
/* End PBXResourcesBuildPhase section */

/* Begin PBXShellScriptBuildPhase section */
		101CCF01456BA518A09D8213 /* [CP] Embed Pods Frameworks */ = {
			isa = PBXShellScriptBuildPhase;
			buildActionMask = 2147483647;
			files = (
			);
			inputPaths = (
			);
			name = "[CP] Embed Pods Frameworks";
			outputPaths = (
			);
			runOnlyForDeploymentPostprocessing = 0;
			shellPath = /bin/sh;
			shellScript = "\"${SRCROOT}/Pods/Target Support Files/Pods-SaleManager/Pods-SaleManager-frameworks.sh\"\n";
			showEnvVarsInLog = 0;
		};
		18B089D11DD70D7D00CDF36D /* ShellScript */ = {
			isa = PBXShellScriptBuildPhase;
			buildActionMask = 2147483647;
			files = (
			);
			inputPaths = (
			);
			outputPaths = (
			);
			runOnlyForDeploymentPostprocessing = 0;
			shellPath = /bin/sh;
			shellScript = "TAGS=\"TODO:|FIXME:\"\necho \"searching ${SRCROOT} for ${TAGS}\"\nfind \"${SRCROOT}\" \\( -name \"*.swift\" \\) -print0 | xargs -0 egrep --with-filename --line-number --only-matching \"($TAGS).*\\$\" | perl -p -e \"s/($TAGS)/ warning: \\$1/\"\n";
		};
		28B526A6310A702A34B0148D /* [CP] Check Pods Manifest.lock */ = {
			isa = PBXShellScriptBuildPhase;
			buildActionMask = 2147483647;
			files = (
			);
			inputPaths = (
			);
			name = "[CP] Check Pods Manifest.lock";
			outputPaths = (
			);
			runOnlyForDeploymentPostprocessing = 0;
			shellPath = /bin/sh;
			shellScript = "diff \"${PODS_ROOT}/../Podfile.lock\" \"${PODS_ROOT}/Manifest.lock\" > /dev/null\nif [[ $? != 0 ]] ; then\n    cat << EOM\nerror: The sandbox is not in sync with the Podfile.lock. Run 'pod install' or update your CocoaPods installation.\nEOM\n    exit 1\nfi\n";
			showEnvVarsInLog = 0;
		};
		B975061B70AAA1C75FB6B257 /* [CP] Copy Pods Resources */ = {
			isa = PBXShellScriptBuildPhase;
			buildActionMask = 2147483647;
			files = (
			);
			inputPaths = (
			);
			name = "[CP] Copy Pods Resources";
			outputPaths = (
			);
			runOnlyForDeploymentPostprocessing = 0;
			shellPath = /bin/sh;
			shellScript = "\"${SRCROOT}/Pods/Target Support Files/Pods-SaleManager/Pods-SaleManager-resources.sh\"\n";
			showEnvVarsInLog = 0;
		};
/* End PBXShellScriptBuildPhase section */

/* Begin PBXSourcesBuildPhase section */
		18C202B21DD3081A00C0117C /* Sources */ = {
			isa = PBXSourcesBuildPhase;
			buildActionMask = 2147483647;
			files = (
				18B7F1F31DD5680100993C35 /* SAMStockProductCellDiv.swift in Sources */,
				18C203401DD30EA900C0117C /* SAMMainTabBarController.swift in Sources */,
				18B7F1EF1DD550B200993C35 /* SAMProductInfo.swift in Sources */,
				18ABA9561DDB4EE100B503F0 /* SAMUserAuth.swift in Sources */,
				18F50F0F1DD5A94F00CEA8C9 /* SAMLoginController.swift in Sources */,
				18C203481DD30FEC00C0117C /* SAMCodeViewController.swift in Sources */,
				18C2034C1DD3100900C0117C /* SAMCustomerViewController.swift in Sources */,
				18C202BA1DD3081A00C0117C /* AppDelegate.swift in Sources */,
				18C2034E1DD3143700C0117C /* SAMBaseNavigationController.swift in Sources */,
				18C2034A1DD30FF800C0117C /* SAMCarViewController.swift in Sources */,
				18C203521DD32FCE00C0117C /* SAMHomeButton.swift in Sources */,
				18C203501DD322EF00C0117C /* SAMConstant.swift in Sources */,
				18C203431DD30FB400C0117C /* SAMHomeViewController.swift in Sources */,
				18C203941DD4C8F600C0117C /* SAMStockProductCell.swift in Sources */,
				18C203461DD30FDB00C0117C /* SAMStockViewController.swift in Sources */,
				18F50F121DD698FF00CEA8C9 /* SAMLoginTextField.swift in Sources */,
				18B089D31DD7EC9900CDF36D /* SAMNetWorker.swift in Sources */,
			);
			runOnlyForDeploymentPostprocessing = 0;
		};
		18C202C61DD3081A00C0117C /* Sources */ = {
			isa = PBXSourcesBuildPhase;
			buildActionMask = 2147483647;
			files = (
				18C202CF1DD3081A00C0117C /* SaleManagerTests.swift in Sources */,
			);
			runOnlyForDeploymentPostprocessing = 0;
		};
		18C202D11DD3081A00C0117C /* Sources */ = {
			isa = PBXSourcesBuildPhase;
			buildActionMask = 2147483647;
			files = (
				18C202DA1DD3081A00C0117C /* SaleManagerUITests.swift in Sources */,
			);
			runOnlyForDeploymentPostprocessing = 0;
		};
/* End PBXSourcesBuildPhase section */

/* Begin PBXTargetDependency section */
		18C202CC1DD3081A00C0117C /* PBXTargetDependency */ = {
			isa = PBXTargetDependency;
			target = 18C202B51DD3081A00C0117C /* SaleManager */;
			targetProxy = 18C202CB1DD3081A00C0117C /* PBXContainerItemProxy */;
		};
		18C202D71DD3081A00C0117C /* PBXTargetDependency */ = {
			isa = PBXTargetDependency;
			target = 18C202B51DD3081A00C0117C /* SaleManager */;
			targetProxy = 18C202D61DD3081A00C0117C /* PBXContainerItemProxy */;
		};
/* End PBXTargetDependency section */

/* Begin PBXVariantGroup section */
		18C202C21DD3081A00C0117C /* LaunchScreen.storyboard */ = {
			isa = PBXVariantGroup;
			children = (
				18C202C31DD3081A00C0117C /* Base */,
			);
			name = LaunchScreen.storyboard;
			sourceTree = "<group>";
		};
/* End PBXVariantGroup section */

/* Begin XCBuildConfiguration section */
		18C202DC1DD3081A00C0117C /* Debug */ = {
			isa = XCBuildConfiguration;
			buildSettings = {
				ALWAYS_SEARCH_USER_PATHS = NO;
				CLANG_ANALYZER_NONNULL = YES;
				CLANG_CXX_LANGUAGE_STANDARD = "gnu++0x";
				CLANG_CXX_LIBRARY = "libc++";
				CLANG_ENABLE_MODULES = YES;
				CLANG_ENABLE_OBJC_ARC = YES;
				CLANG_WARN_BOOL_CONVERSION = YES;
				CLANG_WARN_CONSTANT_CONVERSION = YES;
				CLANG_WARN_DIRECT_OBJC_ISA_USAGE = YES_ERROR;
				CLANG_WARN_DOCUMENTATION_COMMENTS = YES;
				CLANG_WARN_EMPTY_BODY = YES;
				CLANG_WARN_ENUM_CONVERSION = YES;
				CLANG_WARN_INFINITE_RECURSION = YES;
				CLANG_WARN_INT_CONVERSION = YES;
				CLANG_WARN_OBJC_ROOT_CLASS = YES_ERROR;
				CLANG_WARN_SUSPICIOUS_MOVES = YES;
				CLANG_WARN_UNREACHABLE_CODE = YES;
				CLANG_WARN__DUPLICATE_METHOD_MATCH = YES;
				"CODE_SIGN_IDENTITY[sdk=iphoneos*]" = "iPhone Developer";
				COPY_PHASE_STRIP = NO;
				DEBUG_INFORMATION_FORMAT = dwarf;
				ENABLE_STRICT_OBJC_MSGSEND = YES;
				ENABLE_TESTABILITY = YES;
				GCC_C_LANGUAGE_STANDARD = gnu99;
				GCC_DYNAMIC_NO_PIC = NO;
				GCC_NO_COMMON_BLOCKS = YES;
				GCC_OPTIMIZATION_LEVEL = 0;
				GCC_PREPROCESSOR_DEFINITIONS = (
					"DEBUG=1",
					"$(inherited)",
				);
				GCC_WARN_64_TO_32_BIT_CONVERSION = YES;
				GCC_WARN_ABOUT_RETURN_TYPE = YES_ERROR;
				GCC_WARN_UNDECLARED_SELECTOR = YES;
				GCC_WARN_UNINITIALIZED_AUTOS = YES_AGGRESSIVE;
				GCC_WARN_UNUSED_FUNCTION = YES;
				GCC_WARN_UNUSED_VARIABLE = YES;
				IPHONEOS_DEPLOYMENT_TARGET = 8.0;
				MTL_ENABLE_DEBUG_INFO = YES;
				ONLY_ACTIVE_ARCH = YES;
				SDKROOT = iphoneos;
				SWIFT_ACTIVE_COMPILATION_CONDITIONS = DEBUG;
				SWIFT_OPTIMIZATION_LEVEL = "-Onone";
			};
			name = Debug;
		};
		18C202DD1DD3081A00C0117C /* Release */ = {
			isa = XCBuildConfiguration;
			buildSettings = {
				ALWAYS_SEARCH_USER_PATHS = NO;
				CLANG_ANALYZER_NONNULL = YES;
				CLANG_CXX_LANGUAGE_STANDARD = "gnu++0x";
				CLANG_CXX_LIBRARY = "libc++";
				CLANG_ENABLE_MODULES = YES;
				CLANG_ENABLE_OBJC_ARC = YES;
				CLANG_WARN_BOOL_CONVERSION = YES;
				CLANG_WARN_CONSTANT_CONVERSION = YES;
				CLANG_WARN_DIRECT_OBJC_ISA_USAGE = YES_ERROR;
				CLANG_WARN_DOCUMENTATION_COMMENTS = YES;
				CLANG_WARN_EMPTY_BODY = YES;
				CLANG_WARN_ENUM_CONVERSION = YES;
				CLANG_WARN_INFINITE_RECURSION = YES;
				CLANG_WARN_INT_CONVERSION = YES;
				CLANG_WARN_OBJC_ROOT_CLASS = YES_ERROR;
				CLANG_WARN_SUSPICIOUS_MOVES = YES;
				CLANG_WARN_UNREACHABLE_CODE = YES;
				CLANG_WARN__DUPLICATE_METHOD_MATCH = YES;
				"CODE_SIGN_IDENTITY[sdk=iphoneos*]" = "iPhone Developer";
				COPY_PHASE_STRIP = NO;
				DEBUG_INFORMATION_FORMAT = "dwarf-with-dsym";
				ENABLE_NS_ASSERTIONS = NO;
				ENABLE_STRICT_OBJC_MSGSEND = YES;
				GCC_C_LANGUAGE_STANDARD = gnu99;
				GCC_NO_COMMON_BLOCKS = YES;
				GCC_WARN_64_TO_32_BIT_CONVERSION = YES;
				GCC_WARN_ABOUT_RETURN_TYPE = YES_ERROR;
				GCC_WARN_UNDECLARED_SELECTOR = YES;
				GCC_WARN_UNINITIALIZED_AUTOS = YES_AGGRESSIVE;
				GCC_WARN_UNUSED_FUNCTION = YES;
				GCC_WARN_UNUSED_VARIABLE = YES;
				IPHONEOS_DEPLOYMENT_TARGET = 8.0;
				MTL_ENABLE_DEBUG_INFO = NO;
				SDKROOT = iphoneos;
				SWIFT_OPTIMIZATION_LEVEL = "-Owholemodule";
				VALIDATE_PRODUCT = YES;
			};
			name = Release;
		};
		18C202DF1DD3081A00C0117C /* Debug */ = {
			isa = XCBuildConfiguration;
			baseConfigurationReference = FA19BEFDEDE3927824F5E8B3 /* Pods-SaleManager.debug.xcconfig */;
			buildSettings = {
				ASSETCATALOG_COMPILER_APPICON_NAME = AppIcon;
				DEVELOPMENT_TEAM = GPQ66V2HR2;
				INFOPLIST_FILE = SaleManager/Info.plist;
				IPHONEOS_DEPLOYMENT_TARGET = 8.0;
				LD_RUNPATH_SEARCH_PATHS = "$(inherited) @executable_path/Frameworks";
				PRODUCT_BUNDLE_IDENTIFIER = com.YaZhouHong.SaleManager;
				PRODUCT_NAME = "$(TARGET_NAME)";
				SWIFT_VERSION = 2.3;
			};
			name = Debug;
		};
		18C202E01DD3081A00C0117C /* Release */ = {
			isa = XCBuildConfiguration;
			baseConfigurationReference = C654EF8124BE0CC8B012C687 /* Pods-SaleManager.release.xcconfig */;
			buildSettings = {
				ASSETCATALOG_COMPILER_APPICON_NAME = AppIcon;
				DEVELOPMENT_TEAM = GPQ66V2HR2;
				INFOPLIST_FILE = SaleManager/Info.plist;
				IPHONEOS_DEPLOYMENT_TARGET = 8.0;
				LD_RUNPATH_SEARCH_PATHS = "$(inherited) @executable_path/Frameworks";
				PRODUCT_BUNDLE_IDENTIFIER = com.YaZhouHong.SaleManager;
				PRODUCT_NAME = "$(TARGET_NAME)";
				SWIFT_VERSION = 2.3;
			};
			name = Release;
		};
		18C202E21DD3081A00C0117C /* Debug */ = {
			isa = XCBuildConfiguration;
			buildSettings = {
				ALWAYS_EMBED_SWIFT_STANDARD_LIBRARIES = YES;
				BUNDLE_LOADER = "$(TEST_HOST)";
				DEVELOPMENT_TEAM = GPQ66V2HR2;
				INFOPLIST_FILE = SaleManagerTests/Info.plist;
				LD_RUNPATH_SEARCH_PATHS = "$(inherited) @executable_path/Frameworks @loader_path/Frameworks";
				PRODUCT_BUNDLE_IDENTIFIER = com.YaZhouHong.SaleManagerTests;
				PRODUCT_NAME = "$(TARGET_NAME)";
				SWIFT_VERSION = 3.0;
				TEST_HOST = "$(BUILT_PRODUCTS_DIR)/SaleManager.app/SaleManager";
			};
			name = Debug;
		};
		18C202E31DD3081A00C0117C /* Release */ = {
			isa = XCBuildConfiguration;
			buildSettings = {
				ALWAYS_EMBED_SWIFT_STANDARD_LIBRARIES = YES;
				BUNDLE_LOADER = "$(TEST_HOST)";
				DEVELOPMENT_TEAM = GPQ66V2HR2;
				INFOPLIST_FILE = SaleManagerTests/Info.plist;
				LD_RUNPATH_SEARCH_PATHS = "$(inherited) @executable_path/Frameworks @loader_path/Frameworks";
				PRODUCT_BUNDLE_IDENTIFIER = com.YaZhouHong.SaleManagerTests;
				PRODUCT_NAME = "$(TARGET_NAME)";
				SWIFT_VERSION = 3.0;
				TEST_HOST = "$(BUILT_PRODUCTS_DIR)/SaleManager.app/SaleManager";
			};
			name = Release;
		};
		18C202E51DD3081A00C0117C /* Debug */ = {
			isa = XCBuildConfiguration;
			buildSettings = {
				ALWAYS_EMBED_SWIFT_STANDARD_LIBRARIES = YES;
				DEVELOPMENT_TEAM = GPQ66V2HR2;
				INFOPLIST_FILE = SaleManagerUITests/Info.plist;
				LD_RUNPATH_SEARCH_PATHS = "$(inherited) @executable_path/Frameworks @loader_path/Frameworks";
				PRODUCT_BUNDLE_IDENTIFIER = com.YaZhouHong.SaleManagerUITests;
				PRODUCT_NAME = "$(TARGET_NAME)";
				SWIFT_VERSION = 3.0;
				TEST_TARGET_NAME = SaleManager;
			};
			name = Debug;
		};
		18C202E61DD3081A00C0117C /* Release */ = {
			isa = XCBuildConfiguration;
			buildSettings = {
				ALWAYS_EMBED_SWIFT_STANDARD_LIBRARIES = YES;
				DEVELOPMENT_TEAM = GPQ66V2HR2;
				INFOPLIST_FILE = SaleManagerUITests/Info.plist;
				LD_RUNPATH_SEARCH_PATHS = "$(inherited) @executable_path/Frameworks @loader_path/Frameworks";
				PRODUCT_BUNDLE_IDENTIFIER = com.YaZhouHong.SaleManagerUITests;
				PRODUCT_NAME = "$(TARGET_NAME)";
				SWIFT_VERSION = 3.0;
				TEST_TARGET_NAME = SaleManager;
			};
			name = Release;
		};
/* End XCBuildConfiguration section */

/* Begin XCConfigurationList section */
		18C202B11DD3081A00C0117C /* Build configuration list for PBXProject "SaleManager" */ = {
			isa = XCConfigurationList;
			buildConfigurations = (
				18C202DC1DD3081A00C0117C /* Debug */,
				18C202DD1DD3081A00C0117C /* Release */,
			);
			defaultConfigurationIsVisible = 0;
			defaultConfigurationName = Release;
		};
		18C202DE1DD3081A00C0117C /* Build configuration list for PBXNativeTarget "SaleManager" */ = {
			isa = XCConfigurationList;
			buildConfigurations = (
				18C202DF1DD3081A00C0117C /* Debug */,
				18C202E01DD3081A00C0117C /* Release */,
			);
			defaultConfigurationIsVisible = 0;
			defaultConfigurationName = Release;
		};
		18C202E11DD3081A00C0117C /* Build configuration list for PBXNativeTarget "SaleManagerTests" */ = {
			isa = XCConfigurationList;
			buildConfigurations = (
				18C202E21DD3081A00C0117C /* Debug */,
				18C202E31DD3081A00C0117C /* Release */,
			);
			defaultConfigurationIsVisible = 0;
			defaultConfigurationName = Release;
		};
		18C202E41DD3081A00C0117C /* Build configuration list for PBXNativeTarget "SaleManagerUITests" */ = {
			isa = XCConfigurationList;
			buildConfigurations = (
				18C202E51DD3081A00C0117C /* Debug */,
				18C202E61DD3081A00C0117C /* Release */,
			);
			defaultConfigurationIsVisible = 0;
			defaultConfigurationName = Release;
		};
/* End XCConfigurationList section */
	};
	rootObject = 18C202AE1DD3081A00C0117C /* Project object */;
}
